{
  "name": "mnote",
  "version": "0.1.0",
  "lockfileVersion": 2,
  "requires": true,
  "packages": {
    "": {
      "name": "mnote",
      "version": "0.1.0",
      "dependencies": {
        "open-color": "^1.8.0",
        "preact": "^10.5.14"
      }
    },
    "node_modules/open-color": {
      "version": "1.8.0",
      "resolved": "https://registry.npmjs.org/open-color/-/open-color-1.8.0.tgz",
      "integrity": "sha512-gSHRpWLx83rKlHZIm9ZoUBsSMijhPRMxOOacUETjY8guu9dAwIAbtZgmVqkfglmhs3/pYppGohzp8fUdJ4YBqQ=="
    },
    "node_modules/preact": {
      "version": "10.5.14",
      "resolved": "https://registry.npmjs.org/preact/-/preact-10.5.14.tgz",
      "integrity": "sha512-KojoltCrshZ099ksUZ2OQKfbH66uquFoxHSbnwKbTJHeQNvx42EmC7wQVWNuDt6vC5s3nudRHFtKbpY4ijKlaQ==",
      "funding": {
        "type": "opencollective",
        "url": "https://opencollective.com/preact"
      }
    }
  },
  "dependencies": {
    "open-color": {
      "version": "1.8.0",
      "resolved": "https://registry.npmjs.org/open-color/-/open-color-1.8.0.tgz",
      "integrity": "sha512-gSHRpWLx83rKlHZIm9ZoUBsSMijhPRMxOOacUETjY8guu9dAwIAbtZgmVqkfglmhs3/pYppGohzp8fUdJ4YBqQ=="
    },
    "preact": {
      "version": "10.5.14",
      "resolved": "https://registry.npmjs.org/preact/-/preact-10.5.14.tgz",
      "integrity": "sha512-KojoltCrshZ099ksUZ2OQKfbH66uquFoxHSbnwKbTJHeQNvx42EmC7wQVWNuDt6vC5s3nudRHFtKbpY4ijKlaQ=="
    }
  }
}
