{
  "name": "mnote",
  "version": "0.1.0",
  "lockfileVersion": 2,
  "requires": true,
  "packages": {
    "": {
      "version": "0.1.0",
      "dependencies": {
        "@excalidraw/excalidraw": "^0.9.0",
        "@fullcalendar/core": "^5.9.0",
        "@fullcalendar/daygrid": "^5.9.0",
        "@fullcalendar/interaction": "^5.9.0",
        "@fullcalendar/react": "^5.9.0",
        "@fullcalendar/timegrid": "^5.9.0",
        "@types/katex": "^0.11.1",
        "domain-browser": "^4.22.0",
        "events": "^3.3.0",
        "immutability-helper": "^3.1.1",
        "open-color": "^1.8.0",
        "react": "^17.0.2",
        "react-beautiful-dnd": "^13.1.0",
        "react-dnd": "^13.1.1",
        "react-dnd-html5-backend": "^12.1.1",
        "react-dom": "^17.0.2",
        "react-textarea-autosize": "^8.3.3"
      },
      "devDependencies": {
        "@types/node": "^16.3.3",
        "@types/react": "^17.0.14",
        "@types/react-beautiful-dnd": "^13.1.2",
        "@types/react-dom": "^17.0.9",
        "tomlrun": "^0.1.3"
      }
    },
    "node_modules/@babel/runtime": {
      "version": "7.14.8",
      "resolved": "https://registry.npmjs.org/@babel/runtime/-/runtime-7.14.8.tgz",
      "integrity": "sha512-twj3L8Og5SaCRCErB4x4ajbvBIVV77CGeFglHpeg5WC5FF8TZzBWXtTJ4MqaD9QszLYTtr+IsaAL2rEUevb+eg==",
      "dependencies": {
        "regenerator-runtime": "^0.13.4"
      },
      "engines": {
        "node": ">=6.9.0"
      }
    },
    "node_modules/@excalidraw/excalidraw": {
      "version": "0.9.0",
      "resolved": "https://registry.npmjs.org/@excalidraw/excalidraw/-/excalidraw-0.9.0.tgz",
      "integrity": "sha512-/LrmrZnrI7LLjT6+UOpxYOPVaR9sEEPJT4afodTGFk07ZedpmWbcLk59WekurDhwuiU2vyZW3Pc/fy3pPkFpxw==",
      "peerDependencies": {
        "react": "^17.0.2",
        "react-dom": "^17.0.2"
      }
    },
    "node_modules/@fullcalendar/common": {
      "version": "5.9.0",
      "resolved": "https://registry.npmjs.org/@fullcalendar/common/-/common-5.9.0.tgz",
      "integrity": "sha512-wfUDRg53gzUU7Ng1wqjvvM2ncFx+5PiyCq5k2KjEbMourv7m4Zw6B3xlhpQbfUv3WOnbJgwLLNLFEMcsEJpXBQ==",
      "dependencies": {
        "tslib": "^2.1.0"
      }
    },
    "node_modules/@fullcalendar/core": {
      "version": "5.9.0",
      "resolved": "https://registry.npmjs.org/@fullcalendar/core/-/core-5.9.0.tgz",
      "integrity": "sha512-3+zSm8ykXqM2vEGYp4P/BEoR2TB0W9mN6zBGZ6SY9y0nC+Fc0+ZXJmFlYmrEYSdO4kmREnlxntkp1+o9mu8PIQ==",
      "dependencies": {
        "@fullcalendar/common": "~5.9.0",
        "preact": "^10.0.5",
        "tslib": "^2.1.0"
      }
    },
    "node_modules/@fullcalendar/daygrid": {
      "version": "5.9.0",
      "resolved": "https://registry.npmjs.org/@fullcalendar/daygrid/-/daygrid-5.9.0.tgz",
      "integrity": "sha512-yTYjTM+bjTWfq5uUnSMBH4j1il+b0IAAe+q2UcAeky4iggwn9pi+taUtETtlPTQCSBSWaF8TuEZ3+apB0RrjyQ==",
      "dependencies": {
        "@fullcalendar/common": "~5.9.0",
        "tslib": "^2.1.0"
      }
    },
    "node_modules/@fullcalendar/interaction": {
      "version": "5.9.0",
      "resolved": "https://registry.npmjs.org/@fullcalendar/interaction/-/interaction-5.9.0.tgz",
      "integrity": "sha512-bBvcY3Mh2z4rP5AqB8dL76SljPEVCVawNmdQlcKShedhxvkkMR1zMcJ3sgabLBvXqooC9f+PbmEb5LlSGEse3A==",
      "dependencies": {
        "@fullcalendar/common": "~5.9.0",
        "tslib": "^2.1.0"
      }
    },
    "node_modules/@fullcalendar/react": {
      "version": "5.9.0",
      "resolved": "https://registry.npmjs.org/@fullcalendar/react/-/react-5.9.0.tgz",
      "integrity": "sha512-Di4V5RI0MSVEa4L9yues9f6VfAmuzZAr3EAaGzlA27GhDv+ofWoYoohPcAanRrExiCf2W4R2ZyecJh+/TRPshg==",
      "dependencies": {
        "@fullcalendar/common": "~5.9.0",
        "tslib": "^2.1.0"
      },
      "peerDependencies": {
        "react": "^16.7.0 || ^17",
        "react-dom": "^16.7.0 || ^17"
      }
    },
    "node_modules/@fullcalendar/timegrid": {
      "version": "5.9.0",
      "resolved": "https://registry.npmjs.org/@fullcalendar/timegrid/-/timegrid-5.9.0.tgz",
      "integrity": "sha512-X9JLepHz6hSuiziVkIlgBkx/W/5E4nIqJ6i0LISk3zPFH/Arn0QjQU345ISys8OTwezPUgJvLGrl4Yy4/gRULw==",
      "dependencies": {
        "@fullcalendar/common": "~5.9.0",
        "@fullcalendar/daygrid": "~5.9.0",
        "tslib": "^2.1.0"
      }
    },
    "node_modules/@react-dnd/asap": {
      "version": "4.0.0",
      "resolved": "https://registry.npmjs.org/@react-dnd/asap/-/asap-4.0.0.tgz",
      "integrity": "sha512-0XhqJSc6pPoNnf8DhdsPHtUhRzZALVzYMTzRwV4VI6DJNJ/5xxfL9OQUwb8IH5/2x7lSf7nAZrnzUD+16VyOVQ=="
    },
    "node_modules/@react-dnd/invariant": {
      "version": "2.0.0",
      "resolved": "https://registry.npmjs.org/@react-dnd/invariant/-/invariant-2.0.0.tgz",
      "integrity": "sha512-xL4RCQBCBDJ+GRwKTFhGUW8GXa4yoDfJrPbLblc3U09ciS+9ZJXJ3Qrcs/x2IODOdIE5kQxvMmE2UKyqUictUw=="
    },
    "node_modules/@react-dnd/shallowequal": {
      "version": "2.0.0",
      "resolved": "https://registry.npmjs.org/@react-dnd/shallowequal/-/shallowequal-2.0.0.tgz",
      "integrity": "sha512-Pc/AFTdwZwEKJxFJvlxrSmGe/di+aAOBn60sremrpLo6VI/6cmiUYNNwlI5KNYttg7uypzA3ILPMPgxB2GYZEg=="
    },
    "node_modules/@types/hoist-non-react-statics": {
      "version": "3.3.1",
      "resolved": "https://registry.npmjs.org/@types/hoist-non-react-statics/-/hoist-non-react-statics-3.3.1.tgz",
      "integrity": "sha512-iMIqiko6ooLrTh1joXodJK5X9xeEALT1kM5G3ZLhD3hszxBdIEd5C75U834D9mLcINgD4OyZf5uQXjkuYydWvA==",
      "dependencies": {
        "@types/react": "*",
        "hoist-non-react-statics": "^3.3.0"
      }
    },
    "node_modules/@types/katex": {
      "version": "0.11.1",
      "resolved": "https://registry.npmjs.org/@types/katex/-/katex-0.11.1.tgz",
      "integrity": "sha512-DUlIj2nk0YnJdlWgsFuVKcX27MLW0KbKmGVoUHmFr+74FYYNUDAaj9ZqTADvsbE8rfxuVmSFc7KczYn5Y09ozg=="
    },
    "node_modules/@types/node": {
      "version": "16.4.1",
      "resolved": "https://registry.npmjs.org/@types/node/-/node-16.4.1.tgz",
      "integrity": "sha512-UW7cbLqf/Wu5XH2RKKY1cHwUNLicIDRLMraYKz+HHAerJ0ZffUEk+fMnd8qU2JaS6cAy0r8tsaf7yqHASf/Y0Q==",
      "devOptional": true
    },
    "node_modules/@types/prop-types": {
      "version": "15.7.4",
      "resolved": "https://registry.npmjs.org/@types/prop-types/-/prop-types-15.7.4.tgz",
      "integrity": "sha512-rZ5drC/jWjrArrS8BR6SIr4cWpW09RNTYt9AMZo3Jwwif+iacXAqgVjm0B0Bv/S1jhDXKHqRVNCbACkJ89RAnQ=="
    },
    "node_modules/@types/react": {
      "version": "17.0.15",
      "resolved": "https://registry.npmjs.org/@types/react/-/react-17.0.15.tgz",
      "integrity": "sha512-uTKHDK9STXFHLaKv6IMnwp52fm0hwU+N89w/p9grdUqcFA6WuqDyPhaWopbNyE1k/VhgzmHl8pu1L4wITtmlLw==",
      "dependencies": {
        "@types/prop-types": "*",
        "@types/scheduler": "*",
        "csstype": "^3.0.2"
      }
    },
    "node_modules/@types/react-beautiful-dnd": {
      "version": "13.1.2",
      "resolved": "https://registry.npmjs.org/@types/react-beautiful-dnd/-/react-beautiful-dnd-13.1.2.tgz",
      "integrity": "sha512-+OvPkB8CdE/bGdXKyIhc/Lm2U7UAYCCJgsqmopFmh9gbAudmslkI8eOrPDjg4JhwSE6wytz4a3/wRjKtovHVJg==",
      "dev": true,
      "dependencies": {
        "@types/react": "*"
      }
    },
    "node_modules/@types/react-dom": {
      "version": "17.0.9",
      "resolved": "https://registry.npmjs.org/@types/react-dom/-/react-dom-17.0.9.tgz",
      "integrity": "sha512-wIvGxLfgpVDSAMH5utdL9Ngm5Owu0VsGmldro3ORLXV8CShrL8awVj06NuEXFQ5xyaYfdca7Sgbk/50Ri1GdPg==",
      "dev": true,
      "dependencies": {
        "@types/react": "*"
      }
    },
    "node_modules/@types/react-redux": {
      "version": "7.1.18",
      "resolved": "https://registry.npmjs.org/@types/react-redux/-/react-redux-7.1.18.tgz",
      "integrity": "sha512-9iwAsPyJ9DLTRH+OFeIrm9cAbIj1i2ANL3sKQFATqnPWRbg+jEFXyZOKHiQK/N86pNRXbb4HRxAxo0SIX1XwzQ==",
      "dependencies": {
        "@types/hoist-non-react-statics": "^3.3.0",
        "@types/react": "*",
        "hoist-non-react-statics": "^3.3.0",
        "redux": "^4.0.0"
      }
    },
    "node_modules/@types/scheduler": {
      "version": "0.16.2",
      "resolved": "https://registry.npmjs.org/@types/scheduler/-/scheduler-0.16.2.tgz",
      "integrity": "sha512-hppQEBDmlwhFAXKJX2KnWLYu5yMfi91yazPb2l+lbJiwW+wdo1gNeRA+3RgNSO39WYX2euey41KEwnqesU2Jew=="
    },
    "node_modules/css-box-model": {
      "version": "1.2.1",
      "resolved": "https://registry.npmjs.org/css-box-model/-/css-box-model-1.2.1.tgz",
      "integrity": "sha512-a7Vr4Q/kd/aw96bnJG332W9V9LkJO69JRcaCYDUqjp6/z0w6VcZjgAcTbgFxEPfBgdnAwlh3iwu+hLopa+flJw==",
      "dependencies": {
        "tiny-invariant": "^1.0.6"
      }
    },
    "node_modules/csstype": {
      "version": "3.0.8",
      "resolved": "https://registry.npmjs.org/csstype/-/csstype-3.0.8.tgz",
      "integrity": "sha512-jXKhWqXPmlUeoQnF/EhTtTl4C9SnrxSH/jZUih3jmO6lBKr99rP3/+FmrMj4EFpOXzMtXHAZkd3x0E6h6Fgflw=="
    },
    "node_modules/dnd-core": {
      "version": "12.0.1",
      "resolved": "https://registry.npmjs.org/dnd-core/-/dnd-core-12.0.1.tgz",
      "integrity": "sha512-KzfKXQM9t9uSBO7DFmrILVgXUCShpY3/MbnLPF9/wg1Wcvq2KblbeT72GhjcrplS9cz0DFXilE1NXy43n8plag==",
      "dependencies": {
        "@react-dnd/asap": "^4.0.0",
        "@react-dnd/invariant": "^2.0.0",
        "redux": "^4.0.5"
      }
    },
    "node_modules/domain-browser": {
      "version": "4.22.0",
      "resolved": "https://registry.npmjs.org/domain-browser/-/domain-browser-4.22.0.tgz",
      "integrity": "sha512-IGBwjF7tNk3cwypFNH/7bfzBcgSCbaMOD3GsaY1AU/JRrnHnYgEM0+9kQt52iZxjNsjBtJYtao146V+f8jFZNw==",
      "engines": {
        "node": ">=10"
      },
      "funding": {
        "url": "https://bevry.me/fund"
      }
    },
    "node_modules/events": {
      "version": "3.3.0",
      "resolved": "https://registry.npmjs.org/events/-/events-3.3.0.tgz",
      "integrity": "sha512-mQw+2fkQbALzQ7V0MY0IqdnXNOeTtP4r0lN9z7AAawCXgqea7bDii20AYrIBrFd/Hx0M2Ocz6S111CaFkUcb0Q==",
      "engines": {
        "node": ">=0.8.x"
      }
    },
    "node_modules/hoist-non-react-statics": {
      "version": "3.3.2",
      "resolved": "https://registry.npmjs.org/hoist-non-react-statics/-/hoist-non-react-statics-3.3.2.tgz",
      "integrity": "sha512-/gGivxi8JPKWNm/W0jSmzcMPpfpPLc3dY/6GxhX2hQ9iGj3aDfklV4ET7NjKpSinLpJ5vafa9iiGIEZg10SfBw==",
      "dependencies": {
        "react-is": "^16.7.0"
      }
    },
    "node_modules/immutability-helper": {
      "version": "3.1.1",
      "resolved": "https://registry.npmjs.org/immutability-helper/-/immutability-helper-3.1.1.tgz",
      "integrity": "sha512-Q0QaXjPjwIju/28TsugCHNEASwoCcJSyJV3uO1sOIQGI0jKgm9f41Lvz0DZj3n46cNCyAZTsEYoY4C2bVRUzyQ=="
    },
    "node_modules/js-tokens": {
      "version": "4.0.0",
      "resolved": "https://registry.npmjs.org/js-tokens/-/js-tokens-4.0.0.tgz",
      "integrity": "sha512-RdJUflcE3cUzKiMqQgsCu06FPu9UdIJO0beYbPhHN4k6apgJtifcoCtT9bcxOpYBtpD2kCM6Sbzg4CausW/PKQ=="
    },
    "node_modules/json-stdio": {
      "version": "0.0.1015",
      "resolved": "https://registry.npmjs.org/json-stdio/-/json-stdio-0.0.1015.tgz",
      "integrity": "sha512-SbB7kvuxWhd247XKfX3jxLg/wPOOjVAyeebtJFXPgzm9zNUhQ/rPerdV4Q5TR5zyn3WLGKeNbG8YfVRTNddpHQ==",
      "dev": true
    },
    "node_modules/loose-envify": {
      "version": "1.4.0",
      "resolved": "https://registry.npmjs.org/loose-envify/-/loose-envify-1.4.0.tgz",
      "integrity": "sha512-lyuxPGr/Wfhrlem2CL/UcnUc1zcqKAImBDzukY7Y5F/yQiNdko6+fRLevlw1HgMySw7f611UIY408EtxRSoK3Q==",
      "dependencies": {
        "js-tokens": "^3.0.0 || ^4.0.0"
      },
      "bin": {
        "loose-envify": "cli.js"
      }
    },
    "node_modules/memoize-one": {
      "version": "5.2.1",
      "resolved": "https://registry.npmjs.org/memoize-one/-/memoize-one-5.2.1.tgz",
      "integrity": "sha512-zYiwtZUcYyXKo/np96AGZAckk+FWWsUdJ3cHGGmld7+AhvcWmQyGCYUh1hc4Q/pkOhb65dQR/pqCyK0cOaHz4Q=="
    },
    "node_modules/object-assign": {
      "version": "4.1.1",
      "resolved": "https://registry.npmjs.org/object-assign/-/object-assign-4.1.1.tgz",
      "integrity": "sha1-IQmtx5ZYh8/AXLvUQsrIv7s2CGM=",
      "engines": {
        "node": ">=0.10.0"
      }
    },
    "node_modules/open-color": {
      "version": "1.8.0",
      "resolved": "https://registry.npmjs.org/open-color/-/open-color-1.8.0.tgz",
      "integrity": "sha512-gSHRpWLx83rKlHZIm9ZoUBsSMijhPRMxOOacUETjY8guu9dAwIAbtZgmVqkfglmhs3/pYppGohzp8fUdJ4YBqQ=="
    },
    "node_modules/parse-command": {
      "version": "0.0.102",
      "resolved": "https://registry.npmjs.org/parse-command/-/parse-command-0.0.102.tgz",
      "integrity": "sha512-0lKrEaWSaEB7AwQfhW7bUI/acvMFxDrqG1xmouZ0EVpDRfGyOk5FbXNaFt9rJ486qrfqOc3qpEuCXafQ7SOP5g==",
      "dev": true,
      "dependencies": {
        "json-stdio": "0.0.1015"
      }
    },
    "node_modules/preact": {
      "version": "10.5.14",
      "resolved": "https://registry.npmjs.org/preact/-/preact-10.5.14.tgz",
      "integrity": "sha512-KojoltCrshZ099ksUZ2OQKfbH66uquFoxHSbnwKbTJHeQNvx42EmC7wQVWNuDt6vC5s3nudRHFtKbpY4ijKlaQ==",
      "funding": {
        "type": "opencollective",
        "url": "https://opencollective.com/preact"
      }
    },
    "node_modules/prop-types": {
      "version": "15.7.2",
      "resolved": "https://registry.npmjs.org/prop-types/-/prop-types-15.7.2.tgz",
      "integrity": "sha512-8QQikdH7//R2vurIJSutZ1smHYTcLpRWEOlHnzcWHmBYrOGUysKwSsrC89BCiFj3CbrfJ/nXFdJepOVrY1GCHQ==",
      "dependencies": {
        "loose-envify": "^1.4.0",
        "object-assign": "^4.1.1",
        "react-is": "^16.8.1"
      }
    },
    "node_modules/raf-schd": {
      "version": "4.0.3",
      "resolved": "https://registry.npmjs.org/raf-schd/-/raf-schd-4.0.3.tgz",
      "integrity": "sha512-tQkJl2GRWh83ui2DiPTJz9wEiMN20syf+5oKfB03yYP7ioZcJwsIK8FjrtLwH1m7C7e+Tt2yYBlrOpdT+dyeIQ=="
    },
    "node_modules/react": {
      "version": "17.0.2",
      "resolved": "https://registry.npmjs.org/react/-/react-17.0.2.tgz",
      "integrity": "sha512-gnhPt75i/dq/z3/6q/0asP78D0u592D5L1pd7M8P+dck6Fu/jJeL6iVVK23fptSUZj8Vjf++7wXA8UNclGQcbA==",
      "dependencies": {
        "loose-envify": "^1.1.0",
        "object-assign": "^4.1.1"
      },
      "engines": {
        "node": ">=0.10.0"
      }
    },
    "node_modules/react-beautiful-dnd": {
      "version": "13.1.0",
      "resolved": "https://registry.npmjs.org/react-beautiful-dnd/-/react-beautiful-dnd-13.1.0.tgz",
      "integrity": "sha512-aGvblPZTJowOWUNiwd6tNfEpgkX5OxmpqxHKNW/4VmvZTNTbeiq7bA3bn5T+QSF2uibXB0D1DmJsb1aC/+3cUA==",
      "dependencies": {
        "@babel/runtime": "^7.9.2",
        "css-box-model": "^1.2.0",
        "memoize-one": "^5.1.1",
        "raf-schd": "^4.0.2",
        "react-redux": "^7.2.0",
        "redux": "^4.0.4",
        "use-memo-one": "^1.1.1"
      },
      "peerDependencies": {
        "react": "^16.8.5 || ^17.0.0",
        "react-dom": "^16.8.5 || ^17.0.0"
      }
    },
    "node_modules/react-dnd": {
      "version": "13.1.1",
      "resolved": "https://registry.npmjs.org/react-dnd/-/react-dnd-13.1.1.tgz",
      "integrity": "sha512-oxQW8846omV1l3Pm2zY/atvNxryx+blW1rxnSmoGvFMgmxXpOHulaXrlXgxRH+OLRvLt2cfVTSxZ4ykbzBypaw==",
      "dependencies": {
        "@react-dnd/invariant": "^2.0.0",
        "@react-dnd/shallowequal": "^2.0.0",
        "dnd-core": "12.0.1",
        "hoist-non-react-statics": "^3.3.2"
      },
      "peerDependencies": {
        "@types/hoist-non-react-statics": ">= 3.3.1",
        "@types/node": ">= 12",
        "@types/react": ">= 16",
        "react": ">= 16.14"
      },
      "peerDependenciesMeta": {
        "@types/hoist-non-react-statics": {
          "optional": true
        },
        "@types/node": {
          "optional": true
        },
        "@types/react": {
          "optional": true
        }
      }
    },
    "node_modules/react-dnd-html5-backend": {
      "version": "12.1.1",
      "resolved": "https://registry.npmjs.org/react-dnd-html5-backend/-/react-dnd-html5-backend-12.1.1.tgz",
      "integrity": "sha512-cQZgfuSGQEwHdvdoPtfUOvcrS8rye/V0hU046LjY/BLSgcrdjtQVviE2d/81QQaeJpvK00JizctsZqVY7IvHgA==",
      "dependencies": {
        "dnd-core": "12.0.1"
      }
    },
    "node_modules/react-dom": {
      "version": "17.0.2",
      "resolved": "https://registry.npmjs.org/react-dom/-/react-dom-17.0.2.tgz",
      "integrity": "sha512-s4h96KtLDUQlsENhMn1ar8t2bEa+q/YAtj8pPPdIjPDGBDIVNsrD9aXNWqspUe6AzKCIG0C1HZZLqLV7qpOBGA==",
      "dependencies": {
        "loose-envify": "^1.1.0",
        "object-assign": "^4.1.1",
        "scheduler": "^0.20.2"
      },
      "peerDependencies": {
        "react": "17.0.2"
      }
    },
    "node_modules/react-is": {
      "version": "16.13.1",
      "resolved": "https://registry.npmjs.org/react-is/-/react-is-16.13.1.tgz",
      "integrity": "sha512-24e6ynE2H+OKt4kqsOvNd8kBpV65zoxbA4BVsEOB3ARVWQki/DHzaUoC5KuON/BiccDaCCTZBuOcfZs70kR8bQ=="
    },
    "node_modules/react-redux": {
      "version": "7.2.4",
      "resolved": "https://registry.npmjs.org/react-redux/-/react-redux-7.2.4.tgz",
      "integrity": "sha512-hOQ5eOSkEJEXdpIKbnRyl04LhaWabkDPV+Ix97wqQX3T3d2NQ8DUblNXXtNMavc7DpswyQM6xfaN4HQDKNY2JA==",
      "dependencies": {
        "@babel/runtime": "^7.12.1",
        "@types/react-redux": "^7.1.16",
        "hoist-non-react-statics": "^3.3.2",
        "loose-envify": "^1.4.0",
        "prop-types": "^15.7.2",
        "react-is": "^16.13.1"
      },
      "peerDependencies": {
        "react": "^16.8.3 || ^17"
      },
      "peerDependenciesMeta": {
        "react-dom": {
          "optional": true
        },
        "react-native": {
          "optional": true
        }
      }
    },
    "node_modules/react-textarea-autosize": {
      "version": "8.3.3",
      "resolved": "https://registry.npmjs.org/react-textarea-autosize/-/react-textarea-autosize-8.3.3.tgz",
      "integrity": "sha512-2XlHXK2TDxS6vbQaoPbMOfQ8GK7+irc2fVK6QFIcC8GOnH3zI/v481n+j1L0WaPVvKxwesnY93fEfH++sus2rQ==",
      "dependencies": {
        "@babel/runtime": "^7.10.2",
        "use-composed-ref": "^1.0.0",
        "use-latest": "^1.0.0"
      },
      "engines": {
        "node": ">=10"
      },
      "peerDependencies": {
        "react": "^16.8.0 || ^17.0.0"
      }
    },
    "node_modules/redux": {
      "version": "4.1.1",
      "resolved": "https://registry.npmjs.org/redux/-/redux-4.1.1.tgz",
      "integrity": "sha512-hZQZdDEM25UY2P493kPYuKqviVwZ58lEmGQNeQ+gXa+U0gYPUBf7NKYazbe3m+bs/DzM/ahN12DbF+NG8i0CWw==",
      "dependencies": {
        "@babel/runtime": "^7.9.2"
      }
    },
    "node_modules/regenerator-runtime": {
      "version": "0.13.9",
      "resolved": "https://registry.npmjs.org/regenerator-runtime/-/regenerator-runtime-0.13.9.tgz",
      "integrity": "sha512-p3VT+cOEgxFsRRA9X4lkI1E+k2/CtnKtU4gcxyaCUreilL/vqI6CdZ3wxVUx3UOUg+gnUOQQcRI7BmSI656MYA=="
    },
    "node_modules/scheduler": {
      "version": "0.20.2",
      "resolved": "https://registry.npmjs.org/scheduler/-/scheduler-0.20.2.tgz",
      "integrity": "sha512-2eWfGgAqqWFGqtdMmcL5zCMK1U8KlXv8SQFGglL3CEtd0aDVDWgeF/YoCmvln55m5zSk3J/20hTaSBeSObsQDQ==",
      "dependencies": {
        "loose-envify": "^1.1.0",
        "object-assign": "^4.1.1"
      }
    },
    "node_modules/tiny-invariant": {
      "version": "1.1.0",
      "resolved": "https://registry.npmjs.org/tiny-invariant/-/tiny-invariant-1.1.0.tgz",
      "integrity": "sha512-ytxQvrb1cPc9WBEI/HSeYYoGD0kWnGEOR8RY6KomWLBVhqz0RgTwVO9dLrGz7dC+nN9llyI7OKAgRq8Vq4ZBSw=="
    },
    "node_modules/toml": {
      "version": "3.0.0",
      "resolved": "https://registry.npmjs.org/toml/-/toml-3.0.0.tgz",
      "integrity": "sha512-y/mWCZinnvxjTKYhJ+pYxwD0mRLVvOtdS2Awbgxln6iEnt4rk0yBxeSBHkGJcPucRiG0e55mwWp+g/05rsrd6w==",
      "dev": true
    },
    "node_modules/tomlrun": {
      "version": "0.1.3",
      "resolved": "https://registry.npmjs.org/tomlrun/-/tomlrun-0.1.3.tgz",
      "integrity": "sha512-qGmvFWwjJ8X27f1H8zR09nd74YaNxBx41oDebvx85yChZuF1Il7isksziyAaIDOONUJEHNIEdV+KFgGD/Vq7SQ==",
      "dev": true,
      "dependencies": {
        "parse-command": "^0.0.102",
        "toml": "^3.0.0"
      },
      "bin": {
        "tomlrun": "index.js"
      }
    },
    "node_modules/ts-essentials": {
      "version": "2.0.12",
      "resolved": "https://registry.npmjs.org/ts-essentials/-/ts-essentials-2.0.12.tgz",
      "integrity": "sha512-3IVX4nI6B5cc31/GFFE+i8ey/N2eA0CZDbo6n0yrz0zDX8ZJ8djmU1p+XRz7G3is0F3bB3pu2pAroFdAWQKU3w=="
    },
    "node_modules/tslib": {
      "version": "2.3.1",
      "resolved": "https://registry.npmjs.org/tslib/-/tslib-2.3.1.tgz",
      "integrity": "sha512-77EbyPPpMz+FRFRuAFlWMtmgUWGe9UOG2Z25NqCwiIjRhOf5iKGuzSe5P2w1laq+FkRy4p+PCuVkJSGkzTEKVw=="
    },
    "node_modules/use-composed-ref": {
      "version": "1.1.0",
      "resolved": "https://registry.npmjs.org/use-composed-ref/-/use-composed-ref-1.1.0.tgz",
      "integrity": "sha512-my1lNHGWsSDAhhVAT4MKs6IjBUtG6ZG11uUqexPH9PptiIZDQOzaF4f5tEbJ2+7qvNbtXNBbU3SfmN+fXlWDhg==",
      "dependencies": {
        "ts-essentials": "^2.0.3"
      },
      "peerDependencies": {
        "react": "^16.8.0 || ^17.0.0"
      }
    },
    "node_modules/use-isomorphic-layout-effect": {
      "version": "1.1.1",
      "resolved": "https://registry.npmjs.org/use-isomorphic-layout-effect/-/use-isomorphic-layout-effect-1.1.1.tgz",
      "integrity": "sha512-L7Evj8FGcwo/wpbv/qvSfrkHFtOpCzvM5yl2KVyDJoylVuSvzphiiasmjgQPttIGBAy2WKiBNR98q8w7PiNgKQ==",
      "peerDependencies": {
        "react": "^16.8.0 || ^17.0.0"
      },
      "peerDependenciesMeta": {
        "@types/react": {
          "optional": true
        }
      }
    },
    "node_modules/use-latest": {
      "version": "1.2.0",
      "resolved": "https://registry.npmjs.org/use-latest/-/use-latest-1.2.0.tgz",
      "integrity": "sha512-d2TEuG6nSLKQLAfW3By8mKr8HurOlTkul0sOpxbClIv4SQ4iOd7BYr7VIzdbktUCnv7dua/60xzd8igMU6jmyw==",
      "dependencies": {
        "use-isomorphic-layout-effect": "^1.0.0"
      },
      "peerDependencies": {
        "react": "^16.8.0 || ^17.0.0"
      },
      "peerDependenciesMeta": {
        "@types/react": {
          "optional": true
        }
      }
    },
    "node_modules/use-memo-one": {
      "version": "1.1.2",
      "resolved": "https://registry.npmjs.org/use-memo-one/-/use-memo-one-1.1.2.tgz",
      "integrity": "sha512-u2qFKtxLsia/r8qG0ZKkbytbztzRb317XCkT7yP8wxL0tZ/CzK2G+WWie5vWvpyeP7+YoPIwbJoIHJ4Ba4k0oQ==",
      "peerDependencies": {
        "react": "^16.8.0 || ^17.0.0"
      }
    }
  },
  "dependencies": {
    "@babel/runtime": {
      "version": "7.14.8",
      "resolved": "https://registry.npmjs.org/@babel/runtime/-/runtime-7.14.8.tgz",
      "integrity": "sha512-twj3L8Og5SaCRCErB4x4ajbvBIVV77CGeFglHpeg5WC5FF8TZzBWXtTJ4MqaD9QszLYTtr+IsaAL2rEUevb+eg==",
      "requires": {
        "regenerator-runtime": "^0.13.4"
      }
    },
    "@excalidraw/excalidraw": {
      "version": "0.9.0",
      "resolved": "https://registry.npmjs.org/@excalidraw/excalidraw/-/excalidraw-0.9.0.tgz",
      "integrity": "sha512-/LrmrZnrI7LLjT6+UOpxYOPVaR9sEEPJT4afodTGFk07ZedpmWbcLk59WekurDhwuiU2vyZW3Pc/fy3pPkFpxw==",
      "requires": {}
    },
    "@fullcalendar/common": {
      "version": "5.9.0",
      "resolved": "https://registry.npmjs.org/@fullcalendar/common/-/common-5.9.0.tgz",
      "integrity": "sha512-wfUDRg53gzUU7Ng1wqjvvM2ncFx+5PiyCq5k2KjEbMourv7m4Zw6B3xlhpQbfUv3WOnbJgwLLNLFEMcsEJpXBQ==",
      "requires": {
        "tslib": "^2.1.0"
      }
    },
    "@fullcalendar/core": {
      "version": "5.9.0",
      "resolved": "https://registry.npmjs.org/@fullcalendar/core/-/core-5.9.0.tgz",
      "integrity": "sha512-3+zSm8ykXqM2vEGYp4P/BEoR2TB0W9mN6zBGZ6SY9y0nC+Fc0+ZXJmFlYmrEYSdO4kmREnlxntkp1+o9mu8PIQ==",
      "requires": {
        "@fullcalendar/common": "~5.9.0",
        "preact": "^10.0.5",
        "tslib": "^2.1.0"
      }
    },
    "@fullcalendar/daygrid": {
      "version": "5.9.0",
      "resolved": "https://registry.npmjs.org/@fullcalendar/daygrid/-/daygrid-5.9.0.tgz",
      "integrity": "sha512-yTYjTM+bjTWfq5uUnSMBH4j1il+b0IAAe+q2UcAeky4iggwn9pi+taUtETtlPTQCSBSWaF8TuEZ3+apB0RrjyQ==",
      "requires": {
        "@fullcalendar/common": "~5.9.0",
        "tslib": "^2.1.0"
      }
    },
    "@fullcalendar/interaction": {
      "version": "5.9.0",
      "resolved": "https://registry.npmjs.org/@fullcalendar/interaction/-/interaction-5.9.0.tgz",
      "integrity": "sha512-bBvcY3Mh2z4rP5AqB8dL76SljPEVCVawNmdQlcKShedhxvkkMR1zMcJ3sgabLBvXqooC9f+PbmEb5LlSGEse3A==",
      "requires": {
        "@fullcalendar/common": "~5.9.0",
        "tslib": "^2.1.0"
      }
    },
    "@fullcalendar/react": {
      "version": "5.9.0",
      "resolved": "https://registry.npmjs.org/@fullcalendar/react/-/react-5.9.0.tgz",
      "integrity": "sha512-Di4V5RI0MSVEa4L9yues9f6VfAmuzZAr3EAaGzlA27GhDv+ofWoYoohPcAanRrExiCf2W4R2ZyecJh+/TRPshg==",
      "requires": {
        "@fullcalendar/common": "~5.9.0",
        "tslib": "^2.1.0"
      }
    },
    "@fullcalendar/timegrid": {
      "version": "5.9.0",
      "resolved": "https://registry.npmjs.org/@fullcalendar/timegrid/-/timegrid-5.9.0.tgz",
      "integrity": "sha512-X9JLepHz6hSuiziVkIlgBkx/W/5E4nIqJ6i0LISk3zPFH/Arn0QjQU345ISys8OTwezPUgJvLGrl4Yy4/gRULw==",
      "requires": {
        "@fullcalendar/common": "~5.9.0",
        "@fullcalendar/daygrid": "~5.9.0",
        "tslib": "^2.1.0"
      }
    },
    "@react-dnd/asap": {
      "version": "4.0.0",
      "resolved": "https://registry.npmjs.org/@react-dnd/asap/-/asap-4.0.0.tgz",
      "integrity": "sha512-0XhqJSc6pPoNnf8DhdsPHtUhRzZALVzYMTzRwV4VI6DJNJ/5xxfL9OQUwb8IH5/2x7lSf7nAZrnzUD+16VyOVQ=="
    },
    "@react-dnd/invariant": {
      "version": "2.0.0",
      "resolved": "https://registry.npmjs.org/@react-dnd/invariant/-/invariant-2.0.0.tgz",
      "integrity": "sha512-xL4RCQBCBDJ+GRwKTFhGUW8GXa4yoDfJrPbLblc3U09ciS+9ZJXJ3Qrcs/x2IODOdIE5kQxvMmE2UKyqUictUw=="
    },
    "@react-dnd/shallowequal": {
      "version": "2.0.0",
      "resolved": "https://registry.npmjs.org/@react-dnd/shallowequal/-/shallowequal-2.0.0.tgz",
      "integrity": "sha512-Pc/AFTdwZwEKJxFJvlxrSmGe/di+aAOBn60sremrpLo6VI/6cmiUYNNwlI5KNYttg7uypzA3ILPMPgxB2GYZEg=="
    },
    "@types/hoist-non-react-statics": {
      "version": "3.3.1",
      "resolved": "https://registry.npmjs.org/@types/hoist-non-react-statics/-/hoist-non-react-statics-3.3.1.tgz",
      "integrity": "sha512-iMIqiko6ooLrTh1joXodJK5X9xeEALT1kM5G3ZLhD3hszxBdIEd5C75U834D9mLcINgD4OyZf5uQXjkuYydWvA==",
      "requires": {
        "@types/react": "*",
        "hoist-non-react-statics": "^3.3.0"
      }
    },
    "@types/katex": {
      "version": "0.11.1",
      "resolved": "https://registry.npmjs.org/@types/katex/-/katex-0.11.1.tgz",
      "integrity": "sha512-DUlIj2nk0YnJdlWgsFuVKcX27MLW0KbKmGVoUHmFr+74FYYNUDAaj9ZqTADvsbE8rfxuVmSFc7KczYn5Y09ozg=="
    },
    "@types/node": {
      "version": "16.4.1",
      "resolved": "https://registry.npmjs.org/@types/node/-/node-16.4.1.tgz",
      "integrity": "sha512-UW7cbLqf/Wu5XH2RKKY1cHwUNLicIDRLMraYKz+HHAerJ0ZffUEk+fMnd8qU2JaS6cAy0r8tsaf7yqHASf/Y0Q==",
      "devOptional": true
    },
    "@types/prop-types": {
      "version": "15.7.4",
      "resolved": "https://registry.npmjs.org/@types/prop-types/-/prop-types-15.7.4.tgz",
      "integrity": "sha512-rZ5drC/jWjrArrS8BR6SIr4cWpW09RNTYt9AMZo3Jwwif+iacXAqgVjm0B0Bv/S1jhDXKHqRVNCbACkJ89RAnQ=="
    },
    "@types/react": {
      "version": "17.0.15",
      "resolved": "https://registry.npmjs.org/@types/react/-/react-17.0.15.tgz",
      "integrity": "sha512-uTKHDK9STXFHLaKv6IMnwp52fm0hwU+N89w/p9grdUqcFA6WuqDyPhaWopbNyE1k/VhgzmHl8pu1L4wITtmlLw==",
      "requires": {
        "@types/prop-types": "*",
        "@types/scheduler": "*",
        "csstype": "^3.0.2"
      }
    },
    "@types/react-beautiful-dnd": {
      "version": "13.1.2",
      "resolved": "https://registry.npmjs.org/@types/react-beautiful-dnd/-/react-beautiful-dnd-13.1.2.tgz",
      "integrity": "sha512-+OvPkB8CdE/bGdXKyIhc/Lm2U7UAYCCJgsqmopFmh9gbAudmslkI8eOrPDjg4JhwSE6wytz4a3/wRjKtovHVJg==",
      "dev": true,
      "requires": {
        "@types/react": "*"
      }
    },
    "@types/react-dom": {
      "version": "17.0.9",
      "resolved": "https://registry.npmjs.org/@types/react-dom/-/react-dom-17.0.9.tgz",
      "integrity": "sha512-wIvGxLfgpVDSAMH5utdL9Ngm5Owu0VsGmldro3ORLXV8CShrL8awVj06NuEXFQ5xyaYfdca7Sgbk/50Ri1GdPg==",
      "dev": true,
      "requires": {
        "@types/react": "*"
      }
    },
    "@types/react-redux": {
      "version": "7.1.18",
      "resolved": "https://registry.npmjs.org/@types/react-redux/-/react-redux-7.1.18.tgz",
      "integrity": "sha512-9iwAsPyJ9DLTRH+OFeIrm9cAbIj1i2ANL3sKQFATqnPWRbg+jEFXyZOKHiQK/N86pNRXbb4HRxAxo0SIX1XwzQ==",
      "requires": {
        "@types/hoist-non-react-statics": "^3.3.0",
        "@types/react": "*",
        "hoist-non-react-statics": "^3.3.0",
        "redux": "^4.0.0"
      }
    },
    "@types/scheduler": {
      "version": "0.16.2",
      "resolved": "https://registry.npmjs.org/@types/scheduler/-/scheduler-0.16.2.tgz",
      "integrity": "sha512-hppQEBDmlwhFAXKJX2KnWLYu5yMfi91yazPb2l+lbJiwW+wdo1gNeRA+3RgNSO39WYX2euey41KEwnqesU2Jew=="
    },
    "css-box-model": {
      "version": "1.2.1",
      "resolved": "https://registry.npmjs.org/css-box-model/-/css-box-model-1.2.1.tgz",
      "integrity": "sha512-a7Vr4Q/kd/aw96bnJG332W9V9LkJO69JRcaCYDUqjp6/z0w6VcZjgAcTbgFxEPfBgdnAwlh3iwu+hLopa+flJw==",
      "requires": {
        "tiny-invariant": "^1.0.6"
      }
    },
    "csstype": {
      "version": "3.0.8",
      "resolved": "https://registry.npmjs.org/csstype/-/csstype-3.0.8.tgz",
      "integrity": "sha512-jXKhWqXPmlUeoQnF/EhTtTl4C9SnrxSH/jZUih3jmO6lBKr99rP3/+FmrMj4EFpOXzMtXHAZkd3x0E6h6Fgflw=="
    },
    "dnd-core": {
      "version": "12.0.1",
      "resolved": "https://registry.npmjs.org/dnd-core/-/dnd-core-12.0.1.tgz",
      "integrity": "sha512-KzfKXQM9t9uSBO7DFmrILVgXUCShpY3/MbnLPF9/wg1Wcvq2KblbeT72GhjcrplS9cz0DFXilE1NXy43n8plag==",
      "requires": {
        "@react-dnd/asap": "^4.0.0",
        "@react-dnd/invariant": "^2.0.0",
        "redux": "^4.0.5"
      }
    },
    "domain-browser": {
      "version": "4.22.0",
      "resolved": "https://registry.npmjs.org/domain-browser/-/domain-browser-4.22.0.tgz",
      "integrity": "sha512-IGBwjF7tNk3cwypFNH/7bfzBcgSCbaMOD3GsaY1AU/JRrnHnYgEM0+9kQt52iZxjNsjBtJYtao146V+f8jFZNw=="
    },
    "events": {
      "version": "3.3.0",
      "resolved": "https://registry.npmjs.org/events/-/events-3.3.0.tgz",
      "integrity": "sha512-mQw+2fkQbALzQ7V0MY0IqdnXNOeTtP4r0lN9z7AAawCXgqea7bDii20AYrIBrFd/Hx0M2Ocz6S111CaFkUcb0Q=="
    },
    "hoist-non-react-statics": {
      "version": "3.3.2",
      "resolved": "https://registry.npmjs.org/hoist-non-react-statics/-/hoist-non-react-statics-3.3.2.tgz",
      "integrity": "sha512-/gGivxi8JPKWNm/W0jSmzcMPpfpPLc3dY/6GxhX2hQ9iGj3aDfklV4ET7NjKpSinLpJ5vafa9iiGIEZg10SfBw==",
      "requires": {
        "react-is": "^16.7.0"
      }
    },
    "immutability-helper": {
      "version": "3.1.1",
      "resolved": "https://registry.npmjs.org/immutability-helper/-/immutability-helper-3.1.1.tgz",
      "integrity": "sha512-Q0QaXjPjwIju/28TsugCHNEASwoCcJSyJV3uO1sOIQGI0jKgm9f41Lvz0DZj3n46cNCyAZTsEYoY4C2bVRUzyQ=="
    },
    "js-tokens": {
      "version": "4.0.0",
      "resolved": "https://registry.npmjs.org/js-tokens/-/js-tokens-4.0.0.tgz",
      "integrity": "sha512-RdJUflcE3cUzKiMqQgsCu06FPu9UdIJO0beYbPhHN4k6apgJtifcoCtT9bcxOpYBtpD2kCM6Sbzg4CausW/PKQ=="
    },
    "json-stdio": {
      "version": "0.0.1015",
      "resolved": "https://registry.npmjs.org/json-stdio/-/json-stdio-0.0.1015.tgz",
      "integrity": "sha512-SbB7kvuxWhd247XKfX3jxLg/wPOOjVAyeebtJFXPgzm9zNUhQ/rPerdV4Q5TR5zyn3WLGKeNbG8YfVRTNddpHQ==",
      "dev": true
    },
    "loose-envify": {
      "version": "1.4.0",
      "resolved": "https://registry.npmjs.org/loose-envify/-/loose-envify-1.4.0.tgz",
      "integrity": "sha512-lyuxPGr/Wfhrlem2CL/UcnUc1zcqKAImBDzukY7Y5F/yQiNdko6+fRLevlw1HgMySw7f611UIY408EtxRSoK3Q==",
      "requires": {
        "js-tokens": "^3.0.0 || ^4.0.0"
      }
    },
    "memoize-one": {
      "version": "5.2.1",
      "resolved": "https://registry.npmjs.org/memoize-one/-/memoize-one-5.2.1.tgz",
      "integrity": "sha512-zYiwtZUcYyXKo/np96AGZAckk+FWWsUdJ3cHGGmld7+AhvcWmQyGCYUh1hc4Q/pkOhb65dQR/pqCyK0cOaHz4Q=="
    },
    "object-assign": {
      "version": "4.1.1",
      "resolved": "https://registry.npmjs.org/object-assign/-/object-assign-4.1.1.tgz",
      "integrity": "sha1-IQmtx5ZYh8/AXLvUQsrIv7s2CGM="
    },
    "open-color": {
      "version": "1.8.0",
      "resolved": "https://registry.npmjs.org/open-color/-/open-color-1.8.0.tgz",
      "integrity": "sha512-gSHRpWLx83rKlHZIm9ZoUBsSMijhPRMxOOacUETjY8guu9dAwIAbtZgmVqkfglmhs3/pYppGohzp8fUdJ4YBqQ=="
    },
    "parse-command": {
      "version": "0.0.102",
      "resolved": "https://registry.npmjs.org/parse-command/-/parse-command-0.0.102.tgz",
      "integrity": "sha512-0lKrEaWSaEB7AwQfhW7bUI/acvMFxDrqG1xmouZ0EVpDRfGyOk5FbXNaFt9rJ486qrfqOc3qpEuCXafQ7SOP5g==",
      "dev": true,
      "requires": {
        "json-stdio": "0.0.1015"
      }
    },
    "preact": {
      "version": "10.5.14",
      "resolved": "https://registry.npmjs.org/preact/-/preact-10.5.14.tgz",
      "integrity": "sha512-KojoltCrshZ099ksUZ2OQKfbH66uquFoxHSbnwKbTJHeQNvx42EmC7wQVWNuDt6vC5s3nudRHFtKbpY4ijKlaQ=="
    },
    "prop-types": {
      "version": "15.7.2",
      "resolved": "https://registry.npmjs.org/prop-types/-/prop-types-15.7.2.tgz",
      "integrity": "sha512-8QQikdH7//R2vurIJSutZ1smHYTcLpRWEOlHnzcWHmBYrOGUysKwSsrC89BCiFj3CbrfJ/nXFdJepOVrY1GCHQ==",
      "requires": {
        "loose-envify": "^1.4.0",
        "object-assign": "^4.1.1",
        "react-is": "^16.8.1"
      }
    },
    "raf-schd": {
      "version": "4.0.3",
      "resolved": "https://registry.npmjs.org/raf-schd/-/raf-schd-4.0.3.tgz",
      "integrity": "sha512-tQkJl2GRWh83ui2DiPTJz9wEiMN20syf+5oKfB03yYP7ioZcJwsIK8FjrtLwH1m7C7e+Tt2yYBlrOpdT+dyeIQ=="
    },
    "react": {
      "version": "17.0.2",
      "resolved": "https://registry.npmjs.org/react/-/react-17.0.2.tgz",
      "integrity": "sha512-gnhPt75i/dq/z3/6q/0asP78D0u592D5L1pd7M8P+dck6Fu/jJeL6iVVK23fptSUZj8Vjf++7wXA8UNclGQcbA==",
      "requires": {
        "loose-envify": "^1.1.0",
        "object-assign": "^4.1.1"
      }
    },
    "react-beautiful-dnd": {
      "version": "13.1.0",
      "resolved": "https://registry.npmjs.org/react-beautiful-dnd/-/react-beautiful-dnd-13.1.0.tgz",
      "integrity": "sha512-aGvblPZTJowOWUNiwd6tNfEpgkX5OxmpqxHKNW/4VmvZTNTbeiq7bA3bn5T+QSF2uibXB0D1DmJsb1aC/+3cUA==",
      "requires": {
        "@babel/runtime": "^7.9.2",
        "css-box-model": "^1.2.0",
        "memoize-one": "^5.1.1",
        "raf-schd": "^4.0.2",
        "react-redux": "^7.2.0",
        "redux": "^4.0.4",
        "use-memo-one": "^1.1.1"
      }
    },
    "react-dnd": {
      "version": "13.1.1",
      "resolved": "https://registry.npmjs.org/react-dnd/-/react-dnd-13.1.1.tgz",
      "integrity": "sha512-oxQW8846omV1l3Pm2zY/atvNxryx+blW1rxnSmoGvFMgmxXpOHulaXrlXgxRH+OLRvLt2cfVTSxZ4ykbzBypaw==",
      "requires": {
        "@react-dnd/invariant": "^2.0.0",
        "@react-dnd/shallowequal": "^2.0.0",
        "dnd-core": "12.0.1",
        "hoist-non-react-statics": "^3.3.2"
      }
    },
    "react-dnd-html5-backend": {
      "version": "12.1.1",
      "resolved": "https://registry.npmjs.org/react-dnd-html5-backend/-/react-dnd-html5-backend-12.1.1.tgz",
      "integrity": "sha512-cQZgfuSGQEwHdvdoPtfUOvcrS8rye/V0hU046LjY/BLSgcrdjtQVviE2d/81QQaeJpvK00JizctsZqVY7IvHgA==",
      "requires": {
        "dnd-core": "12.0.1"
      }
    },
    "react-dom": {
      "version": "17.0.2",
      "resolved": "https://registry.npmjs.org/react-dom/-/react-dom-17.0.2.tgz",
      "integrity": "sha512-s4h96KtLDUQlsENhMn1ar8t2bEa+q/YAtj8pPPdIjPDGBDIVNsrD9aXNWqspUe6AzKCIG0C1HZZLqLV7qpOBGA==",
      "requires": {
        "loose-envify": "^1.1.0",
        "object-assign": "^4.1.1",
        "scheduler": "^0.20.2"
      }
    },
    "react-is": {
      "version": "16.13.1",
      "resolved": "https://registry.npmjs.org/react-is/-/react-is-16.13.1.tgz",
      "integrity": "sha512-24e6ynE2H+OKt4kqsOvNd8kBpV65zoxbA4BVsEOB3ARVWQki/DHzaUoC5KuON/BiccDaCCTZBuOcfZs70kR8bQ=="
    },
    "react-redux": {
      "version": "7.2.4",
      "resolved": "https://registry.npmjs.org/react-redux/-/react-redux-7.2.4.tgz",
      "integrity": "sha512-hOQ5eOSkEJEXdpIKbnRyl04LhaWabkDPV+Ix97wqQX3T3d2NQ8DUblNXXtNMavc7DpswyQM6xfaN4HQDKNY2JA==",
      "requires": {
        "@babel/runtime": "^7.12.1",
        "@types/react-redux": "^7.1.16",
        "hoist-non-react-statics": "^3.3.2",
        "loose-envify": "^1.4.0",
        "prop-types": "^15.7.2",
        "react-is": "^16.13.1"
      }
    },
    "react-textarea-autosize": {
      "version": "8.3.3",
      "resolved": "https://registry.npmjs.org/react-textarea-autosize/-/react-textarea-autosize-8.3.3.tgz",
      "integrity": "sha512-2XlHXK2TDxS6vbQaoPbMOfQ8GK7+irc2fVK6QFIcC8GOnH3zI/v481n+j1L0WaPVvKxwesnY93fEfH++sus2rQ==",
      "requires": {
        "@babel/runtime": "^7.10.2",
        "use-composed-ref": "^1.0.0",
        "use-latest": "^1.0.0"
      }
    },
    "redux": {
      "version": "4.1.1",
      "resolved": "https://registry.npmjs.org/redux/-/redux-4.1.1.tgz",
      "integrity": "sha512-hZQZdDEM25UY2P493kPYuKqviVwZ58lEmGQNeQ+gXa+U0gYPUBf7NKYazbe3m+bs/DzM/ahN12DbF+NG8i0CWw==",
      "requires": {
        "@babel/runtime": "^7.9.2"
      }
    },
    "regenerator-runtime": {
      "version": "0.13.9",
      "resolved": "https://registry.npmjs.org/regenerator-runtime/-/regenerator-runtime-0.13.9.tgz",
      "integrity": "sha512-p3VT+cOEgxFsRRA9X4lkI1E+k2/CtnKtU4gcxyaCUreilL/vqI6CdZ3wxVUx3UOUg+gnUOQQcRI7BmSI656MYA=="
    },
    "scheduler": {
      "version": "0.20.2",
      "resolved": "https://registry.npmjs.org/scheduler/-/scheduler-0.20.2.tgz",
      "integrity": "sha512-2eWfGgAqqWFGqtdMmcL5zCMK1U8KlXv8SQFGglL3CEtd0aDVDWgeF/YoCmvln55m5zSk3J/20hTaSBeSObsQDQ==",
      "requires": {
        "loose-envify": "^1.1.0",
        "object-assign": "^4.1.1"
      }
    },
    "tiny-invariant": {
      "version": "1.1.0",
      "resolved": "https://registry.npmjs.org/tiny-invariant/-/tiny-invariant-1.1.0.tgz",
      "integrity": "sha512-ytxQvrb1cPc9WBEI/HSeYYoGD0kWnGEOR8RY6KomWLBVhqz0RgTwVO9dLrGz7dC+nN9llyI7OKAgRq8Vq4ZBSw=="
    },
    "toml": {
      "version": "3.0.0",
      "resolved": "https://registry.npmjs.org/toml/-/toml-3.0.0.tgz",
      "integrity": "sha512-y/mWCZinnvxjTKYhJ+pYxwD0mRLVvOtdS2Awbgxln6iEnt4rk0yBxeSBHkGJcPucRiG0e55mwWp+g/05rsrd6w==",
      "dev": true
    },
    "tomlrun": {
      "version": "0.1.3",
      "resolved": "https://registry.npmjs.org/tomlrun/-/tomlrun-0.1.3.tgz",
      "integrity": "sha512-qGmvFWwjJ8X27f1H8zR09nd74YaNxBx41oDebvx85yChZuF1Il7isksziyAaIDOONUJEHNIEdV+KFgGD/Vq7SQ==",
      "dev": true,
      "requires": {
        "parse-command": "^0.0.102",
        "toml": "^3.0.0"
      }
    },
    "ts-essentials": {
      "version": "2.0.12",
      "resolved": "https://registry.npmjs.org/ts-essentials/-/ts-essentials-2.0.12.tgz",
      "integrity": "sha512-3IVX4nI6B5cc31/GFFE+i8ey/N2eA0CZDbo6n0yrz0zDX8ZJ8djmU1p+XRz7G3is0F3bB3pu2pAroFdAWQKU3w=="
    },
    "tslib": {
      "version": "2.3.1",
      "resolved": "https://registry.npmjs.org/tslib/-/tslib-2.3.1.tgz",
      "integrity": "sha512-77EbyPPpMz+FRFRuAFlWMtmgUWGe9UOG2Z25NqCwiIjRhOf5iKGuzSe5P2w1laq+FkRy4p+PCuVkJSGkzTEKVw=="
    },
    "use-composed-ref": {
      "version": "1.1.0",
      "resolved": "https://registry.npmjs.org/use-composed-ref/-/use-composed-ref-1.1.0.tgz",
      "integrity": "sha512-my1lNHGWsSDAhhVAT4MKs6IjBUtG6ZG11uUqexPH9PptiIZDQOzaF4f5tEbJ2+7qvNbtXNBbU3SfmN+fXlWDhg==",
      "requires": {
        "ts-essentials": "^2.0.3"
      }
    },
    "use-isomorphic-layout-effect": {
      "version": "1.1.1",
      "resolved": "https://registry.npmjs.org/use-isomorphic-layout-effect/-/use-isomorphic-layout-effect-1.1.1.tgz",
      "integrity": "sha512-L7Evj8FGcwo/wpbv/qvSfrkHFtOpCzvM5yl2KVyDJoylVuSvzphiiasmjgQPttIGBAy2WKiBNR98q8w7PiNgKQ==",
      "requires": {}
    },
    "use-latest": {
      "version": "1.2.0",
      "resolved": "https://registry.npmjs.org/use-latest/-/use-latest-1.2.0.tgz",
      "integrity": "sha512-d2TEuG6nSLKQLAfW3By8mKr8HurOlTkul0sOpxbClIv4SQ4iOd7BYr7VIzdbktUCnv7dua/60xzd8igMU6jmyw==",
      "requires": {
        "use-isomorphic-layout-effect": "^1.0.0"
      }
    },
    "use-memo-one": {
      "version": "1.1.2",
      "resolved": "https://registry.npmjs.org/use-memo-one/-/use-memo-one-1.1.2.tgz",
      "integrity": "sha512-u2qFKtxLsia/r8qG0ZKkbytbztzRb317XCkT7yP8wxL0tZ/CzK2G+WWie5vWvpyeP7+YoPIwbJoIHJ4Ba4k0oQ==",
      "requires": {}
    }
  }
}
