{
  "name": "mnote-components",
  "version": "0.1.0",
  "lockfileVersion": 2,
  "requires": true,
  "packages": {
    "": {
      "version": "0.1.0",
      "dependencies": {
        "mnote-util": "file:../mnote-util"
      }
    },
    "../mnote-util": {
      "version": "0.1.0"
    },
    "node_modules/mnote-util": {
      "resolved": "../mnote-util",
      "link": true
    }
  },
  "dependencies": {
    "mnote-util": {
      "version": "file:../mnote-util"
    }
  }
}
