{
  "name": "react-sortly",
  "version": "3.0.0-alpha.5",
  "lockfileVersion": 2,
  "requires": true,
  "packages": {
    "": {
      "version": "3.0.0-alpha.5",
      "license": "MIT",
      "dependencies": {
        "immutability-helper": "^3.0.1",
        "memoize-one": "^5.1.1"
      }
    },
    "node_modules/immutability-helper": {
      "version": "3.1.1",
      "resolved": "https://registry.npmjs.org/immutability-helper/-/immutability-helper-3.1.1.tgz",
      "integrity": "sha512-Q0QaXjPjwIju/28TsugCHNEASwoCcJSyJV3uO1sOIQGI0jKgm9f41Lvz0DZj3n46cNCyAZTsEYoY4C2bVRUzyQ=="
    },
    "node_modules/memoize-one": {
      "version": "5.2.1",
      "resolved": "https://registry.npmjs.org/memoize-one/-/memoize-one-5.2.1.tgz",
      "integrity": "sha512-zYiwtZUcYyXKo/np96AGZAckk+FWWsUdJ3cHGGmld7+AhvcWmQyGCYUh1hc4Q/pkOhb65dQR/pqCyK0cOaHz4Q=="
    }
  },
  "dependencies": {
    "immutability-helper": {
      "version": "3.1.1",
      "resolved": "https://registry.npmjs.org/immutability-helper/-/immutability-helper-3.1.1.tgz",
      "integrity": "sha512-Q0QaXjPjwIju/28TsugCHNEASwoCcJSyJV3uO1sOIQGI0jKgm9f41Lvz0DZj3n46cNCyAZTsEYoY4C2bVRUzyQ=="
    },
    "memoize-one": {
      "version": "5.2.1",
      "resolved": "https://registry.npmjs.org/memoize-one/-/memoize-one-5.2.1.tgz",
      "integrity": "sha512-zYiwtZUcYyXKo/np96AGZAckk+FWWsUdJ3cHGGmld7+AhvcWmQyGCYUh1hc4Q/pkOhb65dQR/pqCyK0cOaHz4Q=="
    }
  }
}
