{
  "name": "mnote-extensions",
  "version": "0.1.0",
  "lockfileVersion": 2,
  "requires": true,
  "packages": {
    "": {
      "version": "0.1.0",
      "dependencies": {
        "@milkdown/core": "^4.5.0",
        "@milkdown/preset-commonmark": "^4.5.0",
        "mnote-core": "file:../mnote-core",
        "mnote-deps": "file:../mnote-deps",
        "mnote-util": "file:../mnote-util",
        "moment": "^2.29.1"
      },
      "peerDependencies": {
        "react": "^17.0.2",
        "react-big-calendar": "^0.33.5",
        "react-dom": "^17.0.2",
        "react-trello": "^2.2.11"
      }
    },
    "../mnote-core": {
      "version": "0.1.0",
      "dependencies": {
        "mnote-deps": "file:../mnote-deps",
        "mnote-util": "file:../mnote-util",
        "mousetrap": "^1.6.5"
      },
      "optionalDependencies": {
        "@types/react": "^17.0.14"
      },
      "peerDependencies": {
        "open-color": "^1.8.0",
        "react": "^17.0.2",
        "react-dom": "^17.0.2"
      }
    },
    "../mnote-deps": {
      "version": "0.1.0",
      "dependencies": {
        "lodash.throttle": "^4.1.1",
        "shortid": "^2.2.14"
      }
    },
    "../mnote-util": {
      "version": "0.1.0"
    },
    "node_modules/@milkdown/core": {
      "version": "4.5.3",
      "resolved": "https://registry.npmjs.org/@milkdown/core/-/core-4.5.3.tgz",
      "integrity": "sha512-DToij1VyM0t8gm+2b9wT0Z7pBqomiKKA4GfmLQZPqiBXTrUTU2qN6nMuCtA+RSHYqRCloCTX7CRz0BG//dCwlg==",
      "dependencies": {
        "@types/prosemirror-commands": "^1.0.4",
        "@types/prosemirror-inputrules": "^1.0.4",
        "@types/prosemirror-keymap": "^1.0.4",
        "@types/prosemirror-model": "^1.12.0",
        "@types/prosemirror-state": "^1.2.6",
        "@types/prosemirror-view": "^1.17.1",
        "prosemirror-commands": "^1.1.7",
        "prosemirror-inputrules": "^1.1.3",
        "prosemirror-keymap": "^1.1.4",
        "prosemirror-model": "^1.13.3",
        "prosemirror-state": "^1.3.4",
        "prosemirror-view": "^1.18.2",
        "remark": "^13.0.0",
        "tslib": "^2.2.0",
        "unified": "^9.2.1"
      }
    },
    "node_modules/@milkdown/preset-commonmark": {
      "version": "4.5.3",
      "resolved": "https://registry.npmjs.org/@milkdown/preset-commonmark/-/preset-commonmark-4.5.3.tgz",
      "integrity": "sha512-aHS+aLNhtv8GUKoRskbpkccuzUFr6v0AiDTUiFqsVruAzMauCSLbPqTiP0rLbXLJOYFWu/+c7gkf7TfiNv9K4g==",
      "dependencies": {
        "@types/prosemirror-schema-list": "^1.0.3",
        "prosemirror-schema-list": "^1.1.4",
        "tslib": "^2.2.0"
      },
      "peerDependencies": {
        "@milkdown/core": "*",
        "@types/prosemirror-commands": "*",
        "@types/prosemirror-inputrules": "*",
        "@types/prosemirror-model": "*",
        "@types/prosemirror-state": "*",
        "@types/prosemirror-view": "*",
        "prosemirror-commands": "*",
        "prosemirror-inputrules": "*",
        "prosemirror-model": "*",
        "prosemirror-state": "*",
        "prosemirror-view": "*"
      }
    },
    "node_modules/@types/mdast": {
      "version": "3.0.7",
      "resolved": "https://registry.npmjs.org/@types/mdast/-/mdast-3.0.7.tgz",
      "integrity": "sha512-YwR7OK8aPmaBvMMUi+pZXBNoW2unbVbfok4YRqGMJBe1dpDlzpRkJrYEYmvjxgs5JhuQmKfDexrN98u941Zasg==",
      "dependencies": {
        "@types/unist": "*"
      }
    },
    "node_modules/@types/orderedmap": {
      "version": "1.0.0",
      "resolved": "https://registry.npmjs.org/@types/orderedmap/-/orderedmap-1.0.0.tgz",
      "integrity": "sha512-dxKo80TqYx3YtBipHwA/SdFmMMyLCnP+5mkEqN0eMjcTBzHkiiX0ES118DsjDBjvD+zeSsSU9jULTZ+frog+Gw=="
    },
    "node_modules/@types/prosemirror-commands": {
      "version": "1.0.4",
      "resolved": "https://registry.npmjs.org/@types/prosemirror-commands/-/prosemirror-commands-1.0.4.tgz",
      "integrity": "sha512-utDNYB3EXLjAfYIcRWJe6pn3kcQ5kG4RijbT/0Y/TFOm6yhvYS/D9eJVnijdg9LDjykapcezchxGRqFD5LcyaQ==",
      "dependencies": {
        "@types/prosemirror-model": "*",
        "@types/prosemirror-state": "*",
        "@types/prosemirror-view": "*"
      }
    },
    "node_modules/@types/prosemirror-inputrules": {
      "version": "1.0.4",
      "resolved": "https://registry.npmjs.org/@types/prosemirror-inputrules/-/prosemirror-inputrules-1.0.4.tgz",
      "integrity": "sha512-lJIMpOjO47SYozQybUkpV6QmfuQt7GZKHtVrvS+mR5UekA8NMC5HRIVMyaIauJLWhKU6oaNjpVaXdw41kh165g==",
      "dependencies": {
        "@types/prosemirror-model": "*",
        "@types/prosemirror-state": "*"
      }
    },
    "node_modules/@types/prosemirror-keymap": {
      "version": "1.0.4",
      "resolved": "https://registry.npmjs.org/@types/prosemirror-keymap/-/prosemirror-keymap-1.0.4.tgz",
      "integrity": "sha512-ycevwkqUh+jEQtPwqO7sWGcm+Sybmhu8MpBsM8DlO3+YTKnXbKA6SDz/+q14q1wK3UA8lHJyfR+v+GPxfUSemg==",
      "dependencies": {
        "@types/prosemirror-commands": "*",
        "@types/prosemirror-model": "*",
        "@types/prosemirror-state": "*",
        "@types/prosemirror-view": "*"
      }
    },
    "node_modules/@types/prosemirror-model": {
      "version": "1.13.1",
      "resolved": "https://registry.npmjs.org/@types/prosemirror-model/-/prosemirror-model-1.13.1.tgz",
      "integrity": "sha512-tA1AlI+YR2t3Ve5eeQVJnQm4yV4wVlNfeogHusD1X3OEqqMYTuPssThgIMR4PxPHtvV871Ix8a20bUiJvULDgw==",
      "dependencies": {
        "@types/orderedmap": "*"
      }
    },
    "node_modules/@types/prosemirror-schema-list": {
      "version": "1.0.3",
      "resolved": "https://registry.npmjs.org/@types/prosemirror-schema-list/-/prosemirror-schema-list-1.0.3.tgz",
      "integrity": "sha512-uWybOf+M2Ea7rlbs0yLsS4YJYNGXYtn4N+w8HCw3Vvfl6wBAROzlMt0gV/D/VW/7J/LlAjwMezuGe8xi24HzXA==",
      "dependencies": {
        "@types/orderedmap": "*",
        "@types/prosemirror-model": "*",
        "@types/prosemirror-state": "*"
      }
    },
    "node_modules/@types/prosemirror-state": {
      "version": "1.2.7",
      "resolved": "https://registry.npmjs.org/@types/prosemirror-state/-/prosemirror-state-1.2.7.tgz",
      "integrity": "sha512-clJf5uw3/XQnBJtl2RqYXoLMGBySnLYl43xtDvFfQZKkLnnYcM1SDU8dcz7lWjl2Dm+H98RpLOl44pp7DYT+wA==",
      "dependencies": {
        "@types/prosemirror-model": "*",
        "@types/prosemirror-transform": "*",
        "@types/prosemirror-view": "*"
      }
    },
    "node_modules/@types/prosemirror-transform": {
      "version": "1.1.4",
      "resolved": "https://registry.npmjs.org/@types/prosemirror-transform/-/prosemirror-transform-1.1.4.tgz",
      "integrity": "sha512-HP1PauvkqSgDquZut8HaLOTUDQ6jja/LAy4OA7tTS1XG7wqRnX3gLUyEj0mD6vFd4y8BPkNddNdOh/BeGHlUjg==",
      "dependencies": {
        "@types/prosemirror-model": "*"
      }
    },
    "node_modules/@types/prosemirror-view": {
      "version": "1.17.2",
      "resolved": "https://registry.npmjs.org/@types/prosemirror-view/-/prosemirror-view-1.17.2.tgz",
      "integrity": "sha512-1yUTQZ3yx2YvJTHZdY/rmvSiJ8tJLhUmlNgbFdkFaFcKC6LTBntg5lQvOZ53Aytadab+M/xz7/TzGX8iYB/7gw==",
      "dependencies": {
        "@types/prosemirror-model": "*",
        "@types/prosemirror-state": "*",
        "@types/prosemirror-transform": "*"
      }
    },
    "node_modules/@types/unist": {
      "version": "2.0.6",
      "resolved": "https://registry.npmjs.org/@types/unist/-/unist-2.0.6.tgz",
      "integrity": "sha512-PBjIUxZHOuj0R15/xuwJYjFi+KZdNFrehocChv4g5hu6aFroHue8m0lBP0POdK2nKzbw0cgV1mws8+V/JAcEkQ=="
    },
    "node_modules/bail": {
      "version": "1.0.5",
      "resolved": "https://registry.npmjs.org/bail/-/bail-1.0.5.tgz",
      "integrity": "sha512-xFbRxM1tahm08yHBP16MMjVUAvDaBMD38zsM9EMAUN61omwLmKlOpB/Zku5QkjZ8TZ4vn53pj+t518cH0S03RQ==",
      "funding": {
        "type": "github",
        "url": "https://github.com/sponsors/wooorm"
      }
    },
    "node_modules/character-entities": {
      "version": "1.2.4",
      "resolved": "https://registry.npmjs.org/character-entities/-/character-entities-1.2.4.tgz",
      "integrity": "sha512-iBMyeEHxfVnIakwOuDXpVkc54HijNgCyQB2w0VfGQThle6NXn50zU6V/u+LDhxHcDUPojn6Kpga3PTAD8W1bQw==",
      "funding": {
        "type": "github",
        "url": "https://github.com/sponsors/wooorm"
      }
    },
    "node_modules/character-entities-legacy": {
      "version": "1.1.4",
      "resolved": "https://registry.npmjs.org/character-entities-legacy/-/character-entities-legacy-1.1.4.tgz",
      "integrity": "sha512-3Xnr+7ZFS1uxeiUDvV02wQ+QDbc55o97tIV5zHScSPJpcLm/r0DFPcoY3tYRp+VZukxuMeKgXYmsXQHO05zQeA==",
      "funding": {
        "type": "github",
        "url": "https://github.com/sponsors/wooorm"
      }
    },
    "node_modules/character-reference-invalid": {
      "version": "1.1.4",
      "resolved": "https://registry.npmjs.org/character-reference-invalid/-/character-reference-invalid-1.1.4.tgz",
      "integrity": "sha512-mKKUkUbhPpQlCOfIuZkvSEgktjPFIsZKRRbC6KWVEMvlzblj3i3asQv5ODsrwt0N3pHAEvjP8KTQPHkp0+6jOg==",
      "funding": {
        "type": "github",
        "url": "https://github.com/sponsors/wooorm"
      }
    },
    "node_modules/debug": {
      "version": "4.3.2",
      "resolved": "https://registry.npmjs.org/debug/-/debug-4.3.2.tgz",
      "integrity": "sha512-mOp8wKcvj7XxC78zLgw/ZA+6TSgkoE2C/ienthhRD298T7UNwAg9diBpLRxC0mOezLl4B0xV7M0cCO6P/O0Xhw==",
      "dependencies": {
        "ms": "2.1.2"
      },
      "engines": {
        "node": ">=6.0"
      },
      "peerDependenciesMeta": {
        "supports-color": {
          "optional": true
        }
      }
    },
    "node_modules/extend": {
      "version": "3.0.2",
      "resolved": "https://registry.npmjs.org/extend/-/extend-3.0.2.tgz",
      "integrity": "sha512-fjquC59cD7CyW6urNXK0FBufkZcoiGG80wTuPujX590cB5Ttln20E2UB4S/WARVqhXffZl2LNgS+gQdPIIim/g=="
    },
    "node_modules/is-alphabetical": {
      "version": "1.0.4",
      "resolved": "https://registry.npmjs.org/is-alphabetical/-/is-alphabetical-1.0.4.tgz",
      "integrity": "sha512-DwzsA04LQ10FHTZuL0/grVDk4rFoVH1pjAToYwBrHSxcrBIGQuXrQMtD5U1b0U2XVgKZCTLLP8u2Qxqhy3l2Vg==",
      "funding": {
        "type": "github",
        "url": "https://github.com/sponsors/wooorm"
      }
    },
    "node_modules/is-alphanumerical": {
      "version": "1.0.4",
      "resolved": "https://registry.npmjs.org/is-alphanumerical/-/is-alphanumerical-1.0.4.tgz",
      "integrity": "sha512-UzoZUr+XfVz3t3v4KyGEniVL9BDRoQtY7tOyrRybkVNjDFWyo1yhXNGrrBTQxp3ib9BLAWs7k2YKBQsFRkZG9A==",
      "dependencies": {
        "is-alphabetical": "^1.0.0",
        "is-decimal": "^1.0.0"
      },
      "funding": {
        "type": "github",
        "url": "https://github.com/sponsors/wooorm"
      }
    },
    "node_modules/is-buffer": {
      "version": "2.0.5",
      "resolved": "https://registry.npmjs.org/is-buffer/-/is-buffer-2.0.5.tgz",
      "integrity": "sha512-i2R6zNFDwgEHJyQUtJEk0XFi1i0dPFn/oqjK3/vPCcDeJvW5NQ83V8QbicfF1SupOaB0h8ntgBC2YiE7dfyctQ==",
      "funding": [
        {
          "type": "github",
          "url": "https://github.com/sponsors/feross"
        },
        {
          "type": "patreon",
          "url": "https://www.patreon.com/feross"
        },
        {
          "type": "consulting",
          "url": "https://feross.org/support"
        }
      ],
      "engines": {
        "node": ">=4"
      }
    },
    "node_modules/is-decimal": {
      "version": "1.0.4",
      "resolved": "https://registry.npmjs.org/is-decimal/-/is-decimal-1.0.4.tgz",
      "integrity": "sha512-RGdriMmQQvZ2aqaQq3awNA6dCGtKpiDFcOzrTWrDAT2MiWrKQVPmxLGHl7Y2nNu6led0kEyoX0enY0qXYsv9zw==",
      "funding": {
        "type": "github",
        "url": "https://github.com/sponsors/wooorm"
      }
    },
    "node_modules/is-hexadecimal": {
      "version": "1.0.4",
      "resolved": "https://registry.npmjs.org/is-hexadecimal/-/is-hexadecimal-1.0.4.tgz",
      "integrity": "sha512-gyPJuv83bHMpocVYoqof5VDiZveEoGoFL8m3BXNb2VW8Xs+rz9kqO8LOQ5DH6EsuvilT1ApazU0pyl+ytbPtlw==",
      "funding": {
        "type": "github",
        "url": "https://github.com/sponsors/wooorm"
      }
    },
    "node_modules/is-plain-obj": {
      "version": "2.1.0",
      "resolved": "https://registry.npmjs.org/is-plain-obj/-/is-plain-obj-2.1.0.tgz",
      "integrity": "sha512-YWnfyRwxL/+SsrWYfOpUtz5b3YD+nyfkHvjbcanzk8zgyO4ASD67uVMRt8k5bM4lLMDnXfriRhOpemw+NfT1eA==",
      "engines": {
        "node": ">=8"
      }
    },
    "node_modules/longest-streak": {
      "version": "2.0.4",
      "resolved": "https://registry.npmjs.org/longest-streak/-/longest-streak-2.0.4.tgz",
      "integrity": "sha512-vM6rUVCVUJJt33bnmHiZEvr7wPT78ztX7rojL+LW51bHtLh6HTjx84LA5W4+oa6aKEJA7jJu5LR6vQRBpA5DVg==",
      "funding": {
        "type": "github",
        "url": "https://github.com/sponsors/wooorm"
      }
    },
    "node_modules/mdast-util-from-markdown": {
      "version": "0.8.5",
      "resolved": "https://registry.npmjs.org/mdast-util-from-markdown/-/mdast-util-from-markdown-0.8.5.tgz",
      "integrity": "sha512-2hkTXtYYnr+NubD/g6KGBS/0mFmBcifAsI0yIWRiRo0PjVs6SSOSOdtzbp6kSGnShDN6G5aWZpKQ2lWRy27mWQ==",
      "dependencies": {
        "@types/mdast": "^3.0.0",
        "mdast-util-to-string": "^2.0.0",
        "micromark": "~2.11.0",
        "parse-entities": "^2.0.0",
        "unist-util-stringify-position": "^2.0.0"
      },
      "funding": {
        "type": "opencollective",
        "url": "https://opencollective.com/unified"
      }
    },
    "node_modules/mdast-util-to-markdown": {
      "version": "0.6.5",
      "resolved": "https://registry.npmjs.org/mdast-util-to-markdown/-/mdast-util-to-markdown-0.6.5.tgz",
      "integrity": "sha512-XeV9sDE7ZlOQvs45C9UKMtfTcctcaj/pGwH8YLbMHoMOXNNCn2LsqVQOqrF1+/NU8lKDAqozme9SCXWyo9oAcQ==",
      "dependencies": {
        "@types/unist": "^2.0.0",
        "longest-streak": "^2.0.0",
        "mdast-util-to-string": "^2.0.0",
        "parse-entities": "^2.0.0",
        "repeat-string": "^1.0.0",
        "zwitch": "^1.0.0"
      },
      "funding": {
        "type": "opencollective",
        "url": "https://opencollective.com/unified"
      }
    },
    "node_modules/mdast-util-to-string": {
      "version": "2.0.0",
      "resolved": "https://registry.npmjs.org/mdast-util-to-string/-/mdast-util-to-string-2.0.0.tgz",
      "integrity": "sha512-AW4DRS3QbBayY/jJmD8437V1Gombjf8RSOUCMFBuo5iHi58AGEgVCKQ+ezHkZZDpAQS75hcBMpLqjpJTjtUL7w==",
      "funding": {
        "type": "opencollective",
        "url": "https://opencollective.com/unified"
      }
    },
    "node_modules/micromark": {
      "version": "2.11.4",
      "resolved": "https://registry.npmjs.org/micromark/-/micromark-2.11.4.tgz",
      "integrity": "sha512-+WoovN/ppKolQOFIAajxi7Lu9kInbPxFuTBVEavFcL8eAfVstoc5MocPmqBeAdBOJV00uaVjegzH4+MA0DN/uA==",
      "funding": [
        {
          "type": "GitHub Sponsors",
          "url": "https://github.com/sponsors/unifiedjs"
        },
        {
          "type": "OpenCollective",
          "url": "https://opencollective.com/unified"
        }
      ],
      "dependencies": {
        "debug": "^4.0.0",
        "parse-entities": "^2.0.0"
      }
    },
    "node_modules/mnote-core": {
      "resolved": "../mnote-core",
      "link": true
    },
    "node_modules/mnote-deps": {
      "resolved": "../mnote-deps",
      "link": true
    },
    "node_modules/mnote-util": {
      "resolved": "../mnote-util",
      "link": true
    },
    "node_modules/moment": {
      "version": "2.29.1",
      "resolved": "https://registry.npmjs.org/moment/-/moment-2.29.1.tgz",
      "integrity": "sha512-kHmoybcPV8Sqy59DwNDY3Jefr64lK/by/da0ViFcuA4DH0vQg5Q6Ze5VimxkfQNSC+Mls/Kx53s7TjP1RhFEDQ==",
      "engines": {
        "node": "*"
      }
    },
    "node_modules/ms": {
      "version": "2.1.2",
      "resolved": "https://registry.npmjs.org/ms/-/ms-2.1.2.tgz",
      "integrity": "sha512-sGkPx+VjMtmA6MX27oA4FBFELFCZZ4S4XqeGOXCv68tT+jb3vk/RyaKWP0PTKyWtmLSM0b+adUTEvbs1PEaH2w=="
    },
    "node_modules/orderedmap": {
      "version": "1.1.1",
      "resolved": "https://registry.npmjs.org/orderedmap/-/orderedmap-1.1.1.tgz",
      "integrity": "sha512-3Ux8um0zXbVacKUkcytc0u3HgC0b0bBLT+I60r2J/En72cI0nZffqrA7Xtf2Hqs27j1g82llR5Mhbd0Z1XW4AQ=="
    },
    "node_modules/parse-entities": {
      "version": "2.0.0",
      "resolved": "https://registry.npmjs.org/parse-entities/-/parse-entities-2.0.0.tgz",
      "integrity": "sha512-kkywGpCcRYhqQIchaWqZ875wzpS/bMKhz5HnN3p7wveJTkTtyAB/AlnS0f8DFSqYW1T82t6yEAkEcB+A1I3MbQ==",
      "dependencies": {
        "character-entities": "^1.0.0",
        "character-entities-legacy": "^1.0.0",
        "character-reference-invalid": "^1.0.0",
        "is-alphanumerical": "^1.0.0",
        "is-decimal": "^1.0.0",
        "is-hexadecimal": "^1.0.0"
      },
      "funding": {
        "type": "github",
        "url": "https://github.com/sponsors/wooorm"
      }
    },
    "node_modules/prosemirror-commands": {
      "version": "1.1.10",
      "resolved": "https://registry.npmjs.org/prosemirror-commands/-/prosemirror-commands-1.1.10.tgz",
      "integrity": "sha512-IWyBBXNAd44RM6NnBPljwq+/CM2oYCQJkF+YhKEAZNwzW0uFdGf4qComhjbKZzqFdu6Iub2ZhNsXgwPibA0lCQ==",
      "dependencies": {
        "prosemirror-model": "^1.0.0",
        "prosemirror-state": "^1.0.0",
        "prosemirror-transform": "^1.0.0"
      }
    },
    "node_modules/prosemirror-inputrules": {
      "version": "1.1.3",
      "resolved": "https://registry.npmjs.org/prosemirror-inputrules/-/prosemirror-inputrules-1.1.3.tgz",
      "integrity": "sha512-ZaHCLyBtvbyIHv0f5p6boQTIJjlD6o2NPZiEaZWT2DA+j591zS29QQEMT4lBqwcLW3qRSf7ZvoKNbf05YrsStw==",
      "dependencies": {
        "prosemirror-state": "^1.0.0",
        "prosemirror-transform": "^1.0.0"
      }
    },
    "node_modules/prosemirror-keymap": {
      "version": "1.1.4",
      "resolved": "https://registry.npmjs.org/prosemirror-keymap/-/prosemirror-keymap-1.1.4.tgz",
      "integrity": "sha512-Al8cVUOnDFL4gcI5IDlG6xbZ0aOD/i3B17VT+1JbHWDguCgt/lBHVTHUBcKvvbSg6+q/W4Nj1Fu6bwZSca3xjg==",
      "dependencies": {
        "prosemirror-state": "^1.0.0",
        "w3c-keyname": "^2.2.0"
      }
    },
    "node_modules/prosemirror-model": {
      "version": "1.14.2",
      "resolved": "https://registry.npmjs.org/prosemirror-model/-/prosemirror-model-1.14.2.tgz",
      "integrity": "sha512-TwkACyEiSi8FJiRhg2ffbzmQRy5DR+aTwAr7trNQNZL24HJR8ouxy4qCkG99PnWK0xZ0AjSMtPXSU6hnxAiP7Q==",
      "dependencies": {
        "orderedmap": "^1.1.0"
      }
    },
    "node_modules/prosemirror-schema-list": {
      "version": "1.1.5",
      "resolved": "https://registry.npmjs.org/prosemirror-schema-list/-/prosemirror-schema-list-1.1.5.tgz",
      "integrity": "sha512-9gadhga/wySVfb/iZ2vOpndbG0XroeLw0HkkZN5demNbOea6U5oQtJmvyYWC7ZVf3WkhmVdVsOXrllM9JcC20A==",
      "dependencies": {
        "prosemirror-model": "^1.0.0",
        "prosemirror-transform": "^1.0.0"
      }
    },
    "node_modules/prosemirror-state": {
      "version": "1.3.4",
      "resolved": "https://registry.npmjs.org/prosemirror-state/-/prosemirror-state-1.3.4.tgz",
      "integrity": "sha512-Xkkrpd1y/TQ6HKzN3agsQIGRcLckUMA9u3j207L04mt8ToRgpGeyhbVv0HI7omDORIBHjR29b7AwlATFFf2GLA==",
      "dependencies": {
        "prosemirror-model": "^1.0.0",
        "prosemirror-transform": "^1.0.0"
      }
    },
    "node_modules/prosemirror-transform": {
      "version": "1.3.2",
      "resolved": "https://registry.npmjs.org/prosemirror-transform/-/prosemirror-transform-1.3.2.tgz",
      "integrity": "sha512-/G6d/u9Mf6Bv3H1XR8VxhpjmUO75LYmnvj+s3ZfZpakU1hnQbsvCEybml1B3f2IWUAAQRFkbO1PnsbFhLZsYsw==",
      "dependencies": {
        "prosemirror-model": "^1.0.0"
      }
    },
    "node_modules/prosemirror-view": {
      "version": "1.18.10",
      "resolved": "https://registry.npmjs.org/prosemirror-view/-/prosemirror-view-1.18.10.tgz",
      "integrity": "sha512-DR3lexbN3D36umBNo7DaYheEQB0MdC8Hk2Lhz2YXIC7nEPjC2VG03Zy/YcYusxTtAY08+YB6OKH3yDWJDRObtg==",
      "dependencies": {
        "prosemirror-model": "^1.1.0",
        "prosemirror-state": "^1.0.0",
        "prosemirror-transform": "^1.1.0"
      }
    },
    "node_modules/remark": {
      "version": "13.0.0",
      "resolved": "https://registry.npmjs.org/remark/-/remark-13.0.0.tgz",
      "integrity": "sha512-HDz1+IKGtOyWN+QgBiAT0kn+2s6ovOxHyPAFGKVE81VSzJ+mq7RwHFledEvB5F1p4iJvOah/LOKdFuzvRnNLCA==",
      "dependencies": {
        "remark-parse": "^9.0.0",
        "remark-stringify": "^9.0.0",
        "unified": "^9.1.0"
      },
      "funding": {
        "type": "opencollective",
        "url": "https://opencollective.com/unified"
      }
    },
    "node_modules/remark-parse": {
      "version": "9.0.0",
      "resolved": "https://registry.npmjs.org/remark-parse/-/remark-parse-9.0.0.tgz",
      "integrity": "sha512-geKatMwSzEXKHuzBNU1z676sGcDcFoChMK38TgdHJNAYfFtsfHDQG7MoJAjs6sgYMqyLduCYWDIWZIxiPeafEw==",
      "dependencies": {
        "mdast-util-from-markdown": "^0.8.0"
      },
      "funding": {
        "type": "opencollective",
        "url": "https://opencollective.com/unified"
      }
    },
    "node_modules/remark-stringify": {
      "version": "9.0.1",
      "resolved": "https://registry.npmjs.org/remark-stringify/-/remark-stringify-9.0.1.tgz",
      "integrity": "sha512-mWmNg3ZtESvZS8fv5PTvaPckdL4iNlCHTt8/e/8oN08nArHRHjNZMKzA/YW3+p7/lYqIw4nx1XsjCBo/AxNChg==",
      "dependencies": {
        "mdast-util-to-markdown": "^0.6.0"
      },
      "funding": {
        "type": "opencollective",
        "url": "https://opencollective.com/unified"
      }
    },
    "node_modules/repeat-string": {
      "version": "1.6.1",
      "resolved": "https://registry.npmjs.org/repeat-string/-/repeat-string-1.6.1.tgz",
      "integrity": "sha1-jcrkcOHIirwtYA//Sndihtp15jc=",
      "engines": {
        "node": ">=0.10"
      }
    },
    "node_modules/trough": {
      "version": "1.0.5",
      "resolved": "https://registry.npmjs.org/trough/-/trough-1.0.5.tgz",
      "integrity": "sha512-rvuRbTarPXmMb79SmzEp8aqXNKcK+y0XaB298IXueQ8I2PsrATcPBCSPyK/dDNa2iWOhKlfNnOjdAOTBU/nkFA==",
      "funding": {
        "type": "github",
        "url": "https://github.com/sponsors/wooorm"
      }
    },
    "node_modules/tslib": {
      "version": "2.3.0",
      "resolved": "https://registry.npmjs.org/tslib/-/tslib-2.3.0.tgz",
      "integrity": "sha512-N82ooyxVNm6h1riLCoyS9e3fuJ3AMG2zIZs2Gd1ATcSFjSA23Q0fzjjZeh0jbJvWVDZ0cJT8yaNNaaXHzueNjg=="
    },
    "node_modules/unified": {
      "version": "9.2.2",
      "resolved": "https://registry.npmjs.org/unified/-/unified-9.2.2.tgz",
      "integrity": "sha512-Sg7j110mtefBD+qunSLO1lqOEKdrwBFBrR6Qd8f4uwkhWNlbkaqwHse6e7QvD3AP/MNoJdEDLaf8OxYyoWgorQ==",
      "dependencies": {
        "bail": "^1.0.0",
        "extend": "^3.0.0",
        "is-buffer": "^2.0.0",
        "is-plain-obj": "^2.0.0",
        "trough": "^1.0.0",
        "vfile": "^4.0.0"
      },
      "funding": {
        "type": "opencollective",
        "url": "https://opencollective.com/unified"
      }
    },
    "node_modules/unist-util-stringify-position": {
      "version": "2.0.3",
      "resolved": "https://registry.npmjs.org/unist-util-stringify-position/-/unist-util-stringify-position-2.0.3.tgz",
      "integrity": "sha512-3faScn5I+hy9VleOq/qNbAd6pAx7iH5jYBMS9I1HgQVijz/4mv5Bvw5iw1sC/90CODiKo81G/ps8AJrISn687g==",
      "dependencies": {
        "@types/unist": "^2.0.2"
      },
      "funding": {
        "type": "opencollective",
        "url": "https://opencollective.com/unified"
      }
    },
    "node_modules/vfile": {
      "version": "4.2.1",
      "resolved": "https://registry.npmjs.org/vfile/-/vfile-4.2.1.tgz",
      "integrity": "sha512-O6AE4OskCG5S1emQ/4gl8zK586RqA3srz3nfK/Viy0UPToBc5Trp9BVFb1u0CjsKrAWwnpr4ifM/KBXPWwJbCA==",
      "dependencies": {
        "@types/unist": "^2.0.0",
        "is-buffer": "^2.0.0",
        "unist-util-stringify-position": "^2.0.0",
        "vfile-message": "^2.0.0"
      },
      "funding": {
        "type": "opencollective",
        "url": "https://opencollective.com/unified"
      }
    },
    "node_modules/vfile-message": {
      "version": "2.0.4",
      "resolved": "https://registry.npmjs.org/vfile-message/-/vfile-message-2.0.4.tgz",
      "integrity": "sha512-DjssxRGkMvifUOJre00juHoP9DPWuzjxKuMDrhNbk2TdaYYBNMStsNhEOt3idrtI12VQYM/1+iM0KOzXi4pxwQ==",
      "dependencies": {
        "@types/unist": "^2.0.0",
        "unist-util-stringify-position": "^2.0.0"
      },
      "funding": {
        "type": "opencollective",
        "url": "https://opencollective.com/unified"
      }
    },
    "node_modules/w3c-keyname": {
      "version": "2.2.4",
      "resolved": "https://registry.npmjs.org/w3c-keyname/-/w3c-keyname-2.2.4.tgz",
      "integrity": "sha512-tOhfEwEzFLJzf6d1ZPkYfGj+FWhIpBux9ppoP3rlclw3Z0BZv3N7b7030Z1kYth+6rDuAsXUFr+d0VE6Ed1ikw=="
    },
    "node_modules/zwitch": {
      "version": "1.0.5",
      "resolved": "https://registry.npmjs.org/zwitch/-/zwitch-1.0.5.tgz",
      "integrity": "sha512-V50KMwwzqJV0NpZIZFwfOD5/lyny3WlSzRiXgA0G7VUnRlqttta1L6UQIHzd6EuBY/cHGfwTIck7w1yH6Q5zUw==",
      "funding": {
        "type": "github",
        "url": "https://github.com/sponsors/wooorm"
      }
    }
  },
  "dependencies": {
    "@milkdown/core": {
      "version": "4.5.3",
      "resolved": "https://registry.npmjs.org/@milkdown/core/-/core-4.5.3.tgz",
      "integrity": "sha512-DToij1VyM0t8gm+2b9wT0Z7pBqomiKKA4GfmLQZPqiBXTrUTU2qN6nMuCtA+RSHYqRCloCTX7CRz0BG//dCwlg==",
      "requires": {
        "@types/prosemirror-commands": "^1.0.4",
        "@types/prosemirror-inputrules": "^1.0.4",
        "@types/prosemirror-keymap": "^1.0.4",
        "@types/prosemirror-model": "^1.12.0",
        "@types/prosemirror-state": "^1.2.6",
        "@types/prosemirror-view": "^1.17.1",
        "prosemirror-commands": "^1.1.7",
        "prosemirror-inputrules": "^1.1.3",
        "prosemirror-keymap": "^1.1.4",
        "prosemirror-model": "^1.13.3",
        "prosemirror-state": "^1.3.4",
        "prosemirror-view": "^1.18.2",
        "remark": "^13.0.0",
        "tslib": "^2.2.0",
        "unified": "^9.2.1"
      }
    },
    "@milkdown/preset-commonmark": {
      "version": "4.5.3",
      "resolved": "https://registry.npmjs.org/@milkdown/preset-commonmark/-/preset-commonmark-4.5.3.tgz",
      "integrity": "sha512-aHS+aLNhtv8GUKoRskbpkccuzUFr6v0AiDTUiFqsVruAzMauCSLbPqTiP0rLbXLJOYFWu/+c7gkf7TfiNv9K4g==",
      "requires": {
        "@types/prosemirror-schema-list": "^1.0.3",
        "prosemirror-schema-list": "^1.1.4",
        "tslib": "^2.2.0"
      }
    },
    "@types/mdast": {
      "version": "3.0.7",
      "resolved": "https://registry.npmjs.org/@types/mdast/-/mdast-3.0.7.tgz",
      "integrity": "sha512-YwR7OK8aPmaBvMMUi+pZXBNoW2unbVbfok4YRqGMJBe1dpDlzpRkJrYEYmvjxgs5JhuQmKfDexrN98u941Zasg==",
      "requires": {
        "@types/unist": "*"
      }
    },
    "@types/orderedmap": {
      "version": "1.0.0",
      "resolved": "https://registry.npmjs.org/@types/orderedmap/-/orderedmap-1.0.0.tgz",
      "integrity": "sha512-dxKo80TqYx3YtBipHwA/SdFmMMyLCnP+5mkEqN0eMjcTBzHkiiX0ES118DsjDBjvD+zeSsSU9jULTZ+frog+Gw=="
    },
    "@types/prosemirror-commands": {
      "version": "1.0.4",
      "resolved": "https://registry.npmjs.org/@types/prosemirror-commands/-/prosemirror-commands-1.0.4.tgz",
      "integrity": "sha512-utDNYB3EXLjAfYIcRWJe6pn3kcQ5kG4RijbT/0Y/TFOm6yhvYS/D9eJVnijdg9LDjykapcezchxGRqFD5LcyaQ==",
      "requires": {
        "@types/prosemirror-model": "*",
        "@types/prosemirror-state": "*",
        "@types/prosemirror-view": "*"
      }
    },
    "@types/prosemirror-inputrules": {
      "version": "1.0.4",
      "resolved": "https://registry.npmjs.org/@types/prosemirror-inputrules/-/prosemirror-inputrules-1.0.4.tgz",
      "integrity": "sha512-lJIMpOjO47SYozQybUkpV6QmfuQt7GZKHtVrvS+mR5UekA8NMC5HRIVMyaIauJLWhKU6oaNjpVaXdw41kh165g==",
      "requires": {
        "@types/prosemirror-model": "*",
        "@types/prosemirror-state": "*"
      }
    },
    "@types/prosemirror-keymap": {
      "version": "1.0.4",
      "resolved": "https://registry.npmjs.org/@types/prosemirror-keymap/-/prosemirror-keymap-1.0.4.tgz",
      "integrity": "sha512-ycevwkqUh+jEQtPwqO7sWGcm+Sybmhu8MpBsM8DlO3+YTKnXbKA6SDz/+q14q1wK3UA8lHJyfR+v+GPxfUSemg==",
      "requires": {
        "@types/prosemirror-commands": "*",
        "@types/prosemirror-model": "*",
        "@types/prosemirror-state": "*",
        "@types/prosemirror-view": "*"
      }
    },
    "@types/prosemirror-model": {
      "version": "1.13.1",
      "resolved": "https://registry.npmjs.org/@types/prosemirror-model/-/prosemirror-model-1.13.1.tgz",
      "integrity": "sha512-tA1AlI+YR2t3Ve5eeQVJnQm4yV4wVlNfeogHusD1X3OEqqMYTuPssThgIMR4PxPHtvV871Ix8a20bUiJvULDgw==",
      "requires": {
        "@types/orderedmap": "*"
      }
    },
    "@types/prosemirror-schema-list": {
      "version": "1.0.3",
      "resolved": "https://registry.npmjs.org/@types/prosemirror-schema-list/-/prosemirror-schema-list-1.0.3.tgz",
      "integrity": "sha512-uWybOf+M2Ea7rlbs0yLsS4YJYNGXYtn4N+w8HCw3Vvfl6wBAROzlMt0gV/D/VW/7J/LlAjwMezuGe8xi24HzXA==",
      "requires": {
        "@types/orderedmap": "*",
        "@types/prosemirror-model": "*",
        "@types/prosemirror-state": "*"
      }
    },
    "@types/prosemirror-state": {
      "version": "1.2.7",
      "resolved": "https://registry.npmjs.org/@types/prosemirror-state/-/prosemirror-state-1.2.7.tgz",
      "integrity": "sha512-clJf5uw3/XQnBJtl2RqYXoLMGBySnLYl43xtDvFfQZKkLnnYcM1SDU8dcz7lWjl2Dm+H98RpLOl44pp7DYT+wA==",
      "requires": {
        "@types/prosemirror-model": "*",
        "@types/prosemirror-transform": "*",
        "@types/prosemirror-view": "*"
      }
    },
    "@types/prosemirror-transform": {
      "version": "1.1.4",
      "resolved": "https://registry.npmjs.org/@types/prosemirror-transform/-/prosemirror-transform-1.1.4.tgz",
      "integrity": "sha512-HP1PauvkqSgDquZut8HaLOTUDQ6jja/LAy4OA7tTS1XG7wqRnX3gLUyEj0mD6vFd4y8BPkNddNdOh/BeGHlUjg==",
      "requires": {
        "@types/prosemirror-model": "*"
      }
    },
    "@types/prosemirror-view": {
      "version": "1.17.2",
      "resolved": "https://registry.npmjs.org/@types/prosemirror-view/-/prosemirror-view-1.17.2.tgz",
      "integrity": "sha512-1yUTQZ3yx2YvJTHZdY/rmvSiJ8tJLhUmlNgbFdkFaFcKC6LTBntg5lQvOZ53Aytadab+M/xz7/TzGX8iYB/7gw==",
      "requires": {
        "@types/prosemirror-model": "*",
        "@types/prosemirror-state": "*",
        "@types/prosemirror-transform": "*"
      }
    },
    "@types/unist": {
      "version": "2.0.6",
      "resolved": "https://registry.npmjs.org/@types/unist/-/unist-2.0.6.tgz",
      "integrity": "sha512-PBjIUxZHOuj0R15/xuwJYjFi+KZdNFrehocChv4g5hu6aFroHue8m0lBP0POdK2nKzbw0cgV1mws8+V/JAcEkQ=="
    },
    "bail": {
      "version": "1.0.5",
      "resolved": "https://registry.npmjs.org/bail/-/bail-1.0.5.tgz",
      "integrity": "sha512-xFbRxM1tahm08yHBP16MMjVUAvDaBMD38zsM9EMAUN61omwLmKlOpB/Zku5QkjZ8TZ4vn53pj+t518cH0S03RQ=="
    },
    "character-entities": {
      "version": "1.2.4",
      "resolved": "https://registry.npmjs.org/character-entities/-/character-entities-1.2.4.tgz",
      "integrity": "sha512-iBMyeEHxfVnIakwOuDXpVkc54HijNgCyQB2w0VfGQThle6NXn50zU6V/u+LDhxHcDUPojn6Kpga3PTAD8W1bQw=="
    },
    "character-entities-legacy": {
      "version": "1.1.4",
      "resolved": "https://registry.npmjs.org/character-entities-legacy/-/character-entities-legacy-1.1.4.tgz",
      "integrity": "sha512-3Xnr+7ZFS1uxeiUDvV02wQ+QDbc55o97tIV5zHScSPJpcLm/r0DFPcoY3tYRp+VZukxuMeKgXYmsXQHO05zQeA=="
    },
    "character-reference-invalid": {
      "version": "1.1.4",
      "resolved": "https://registry.npmjs.org/character-reference-invalid/-/character-reference-invalid-1.1.4.tgz",
      "integrity": "sha512-mKKUkUbhPpQlCOfIuZkvSEgktjPFIsZKRRbC6KWVEMvlzblj3i3asQv5ODsrwt0N3pHAEvjP8KTQPHkp0+6jOg=="
    },
    "debug": {
      "version": "4.3.2",
      "resolved": "https://registry.npmjs.org/debug/-/debug-4.3.2.tgz",
      "integrity": "sha512-mOp8wKcvj7XxC78zLgw/ZA+6TSgkoE2C/ienthhRD298T7UNwAg9diBpLRxC0mOezLl4B0xV7M0cCO6P/O0Xhw==",
      "requires": {
        "ms": "2.1.2"
      }
    },
    "extend": {
      "version": "3.0.2",
      "resolved": "https://registry.npmjs.org/extend/-/extend-3.0.2.tgz",
      "integrity": "sha512-fjquC59cD7CyW6urNXK0FBufkZcoiGG80wTuPujX590cB5Ttln20E2UB4S/WARVqhXffZl2LNgS+gQdPIIim/g=="
    },
    "is-alphabetical": {
      "version": "1.0.4",
      "resolved": "https://registry.npmjs.org/is-alphabetical/-/is-alphabetical-1.0.4.tgz",
      "integrity": "sha512-DwzsA04LQ10FHTZuL0/grVDk4rFoVH1pjAToYwBrHSxcrBIGQuXrQMtD5U1b0U2XVgKZCTLLP8u2Qxqhy3l2Vg=="
    },
    "is-alphanumerical": {
      "version": "1.0.4",
      "resolved": "https://registry.npmjs.org/is-alphanumerical/-/is-alphanumerical-1.0.4.tgz",
      "integrity": "sha512-UzoZUr+XfVz3t3v4KyGEniVL9BDRoQtY7tOyrRybkVNjDFWyo1yhXNGrrBTQxp3ib9BLAWs7k2YKBQsFRkZG9A==",
      "requires": {
        "is-alphabetical": "^1.0.0",
        "is-decimal": "^1.0.0"
      }
    },
    "is-buffer": {
      "version": "2.0.5",
      "resolved": "https://registry.npmjs.org/is-buffer/-/is-buffer-2.0.5.tgz",
      "integrity": "sha512-i2R6zNFDwgEHJyQUtJEk0XFi1i0dPFn/oqjK3/vPCcDeJvW5NQ83V8QbicfF1SupOaB0h8ntgBC2YiE7dfyctQ=="
    },
    "is-decimal": {
      "version": "1.0.4",
      "resolved": "https://registry.npmjs.org/is-decimal/-/is-decimal-1.0.4.tgz",
      "integrity": "sha512-RGdriMmQQvZ2aqaQq3awNA6dCGtKpiDFcOzrTWrDAT2MiWrKQVPmxLGHl7Y2nNu6led0kEyoX0enY0qXYsv9zw=="
    },
    "is-hexadecimal": {
      "version": "1.0.4",
      "resolved": "https://registry.npmjs.org/is-hexadecimal/-/is-hexadecimal-1.0.4.tgz",
      "integrity": "sha512-gyPJuv83bHMpocVYoqof5VDiZveEoGoFL8m3BXNb2VW8Xs+rz9kqO8LOQ5DH6EsuvilT1ApazU0pyl+ytbPtlw=="
    },
    "is-plain-obj": {
      "version": "2.1.0",
      "resolved": "https://registry.npmjs.org/is-plain-obj/-/is-plain-obj-2.1.0.tgz",
      "integrity": "sha512-YWnfyRwxL/+SsrWYfOpUtz5b3YD+nyfkHvjbcanzk8zgyO4ASD67uVMRt8k5bM4lLMDnXfriRhOpemw+NfT1eA=="
    },
    "longest-streak": {
      "version": "2.0.4",
      "resolved": "https://registry.npmjs.org/longest-streak/-/longest-streak-2.0.4.tgz",
      "integrity": "sha512-vM6rUVCVUJJt33bnmHiZEvr7wPT78ztX7rojL+LW51bHtLh6HTjx84LA5W4+oa6aKEJA7jJu5LR6vQRBpA5DVg=="
    },
    "mdast-util-from-markdown": {
      "version": "0.8.5",
      "resolved": "https://registry.npmjs.org/mdast-util-from-markdown/-/mdast-util-from-markdown-0.8.5.tgz",
      "integrity": "sha512-2hkTXtYYnr+NubD/g6KGBS/0mFmBcifAsI0yIWRiRo0PjVs6SSOSOdtzbp6kSGnShDN6G5aWZpKQ2lWRy27mWQ==",
      "requires": {
        "@types/mdast": "^3.0.0",
        "mdast-util-to-string": "^2.0.0",
        "micromark": "~2.11.0",
        "parse-entities": "^2.0.0",
        "unist-util-stringify-position": "^2.0.0"
      }
    },
    "mdast-util-to-markdown": {
      "version": "0.6.5",
      "resolved": "https://registry.npmjs.org/mdast-util-to-markdown/-/mdast-util-to-markdown-0.6.5.tgz",
      "integrity": "sha512-XeV9sDE7ZlOQvs45C9UKMtfTcctcaj/pGwH8YLbMHoMOXNNCn2LsqVQOqrF1+/NU8lKDAqozme9SCXWyo9oAcQ==",
      "requires": {
        "@types/unist": "^2.0.0",
        "longest-streak": "^2.0.0",
        "mdast-util-to-string": "^2.0.0",
        "parse-entities": "^2.0.0",
        "repeat-string": "^1.0.0",
        "zwitch": "^1.0.0"
      }
    },
    "mdast-util-to-string": {
      "version": "2.0.0",
      "resolved": "https://registry.npmjs.org/mdast-util-to-string/-/mdast-util-to-string-2.0.0.tgz",
      "integrity": "sha512-AW4DRS3QbBayY/jJmD8437V1Gombjf8RSOUCMFBuo5iHi58AGEgVCKQ+ezHkZZDpAQS75hcBMpLqjpJTjtUL7w=="
    },
    "micromark": {
      "version": "2.11.4",
      "resolved": "https://registry.npmjs.org/micromark/-/micromark-2.11.4.tgz",
      "integrity": "sha512-+WoovN/ppKolQOFIAajxi7Lu9kInbPxFuTBVEavFcL8eAfVstoc5MocPmqBeAdBOJV00uaVjegzH4+MA0DN/uA==",
      "requires": {
        "debug": "^4.0.0",
        "parse-entities": "^2.0.0"
      }
    },
    "mnote-core": {
      "version": "file:../mnote-core",
      "requires": {
        "@types/react": "^17.0.14",
        "mnote-deps": "file:../mnote-deps",
        "mnote-util": "file:../mnote-util",
        "mousetrap": "^1.6.5"
      }
    },
    "mnote-deps": {
      "version": "file:../mnote-deps",
      "requires": {
        "lodash.throttle": "^4.1.1",
        "shortid": "^2.2.14"
      }
    },
    "mnote-util": {
      "version": "file:../mnote-util"
    },
    "moment": {
      "version": "2.29.1",
      "resolved": "https://registry.npmjs.org/moment/-/moment-2.29.1.tgz",
      "integrity": "sha512-kHmoybcPV8Sqy59DwNDY3Jefr64lK/by/da0ViFcuA4DH0vQg5Q6Ze5VimxkfQNSC+Mls/Kx53s7TjP1RhFEDQ=="
    },
    "ms": {
      "version": "2.1.2",
      "resolved": "https://registry.npmjs.org/ms/-/ms-2.1.2.tgz",
      "integrity": "sha512-sGkPx+VjMtmA6MX27oA4FBFELFCZZ4S4XqeGOXCv68tT+jb3vk/RyaKWP0PTKyWtmLSM0b+adUTEvbs1PEaH2w=="
    },
    "orderedmap": {
      "version": "1.1.1",
      "resolved": "https://registry.npmjs.org/orderedmap/-/orderedmap-1.1.1.tgz",
      "integrity": "sha512-3Ux8um0zXbVacKUkcytc0u3HgC0b0bBLT+I60r2J/En72cI0nZffqrA7Xtf2Hqs27j1g82llR5Mhbd0Z1XW4AQ=="
    },
    "parse-entities": {
      "version": "2.0.0",
      "resolved": "https://registry.npmjs.org/parse-entities/-/parse-entities-2.0.0.tgz",
      "integrity": "sha512-kkywGpCcRYhqQIchaWqZ875wzpS/bMKhz5HnN3p7wveJTkTtyAB/AlnS0f8DFSqYW1T82t6yEAkEcB+A1I3MbQ==",
      "requires": {
        "character-entities": "^1.0.0",
        "character-entities-legacy": "^1.0.0",
        "character-reference-invalid": "^1.0.0",
        "is-alphanumerical": "^1.0.0",
        "is-decimal": "^1.0.0",
        "is-hexadecimal": "^1.0.0"
      }
    },
    "prosemirror-commands": {
      "version": "1.1.10",
      "resolved": "https://registry.npmjs.org/prosemirror-commands/-/prosemirror-commands-1.1.10.tgz",
      "integrity": "sha512-IWyBBXNAd44RM6NnBPljwq+/CM2oYCQJkF+YhKEAZNwzW0uFdGf4qComhjbKZzqFdu6Iub2ZhNsXgwPibA0lCQ==",
      "requires": {
        "prosemirror-model": "^1.0.0",
        "prosemirror-state": "^1.0.0",
        "prosemirror-transform": "^1.0.0"
      }
    },
    "prosemirror-inputrules": {
      "version": "1.1.3",
      "resolved": "https://registry.npmjs.org/prosemirror-inputrules/-/prosemirror-inputrules-1.1.3.tgz",
      "integrity": "sha512-ZaHCLyBtvbyIHv0f5p6boQTIJjlD6o2NPZiEaZWT2DA+j591zS29QQEMT4lBqwcLW3qRSf7ZvoKNbf05YrsStw==",
      "requires": {
        "prosemirror-state": "^1.0.0",
        "prosemirror-transform": "^1.0.0"
      }
    },
    "prosemirror-keymap": {
      "version": "1.1.4",
      "resolved": "https://registry.npmjs.org/prosemirror-keymap/-/prosemirror-keymap-1.1.4.tgz",
      "integrity": "sha512-Al8cVUOnDFL4gcI5IDlG6xbZ0aOD/i3B17VT+1JbHWDguCgt/lBHVTHUBcKvvbSg6+q/W4Nj1Fu6bwZSca3xjg==",
      "requires": {
        "prosemirror-state": "^1.0.0",
        "w3c-keyname": "^2.2.0"
      }
    },
    "prosemirror-model": {
      "version": "1.14.2",
      "resolved": "https://registry.npmjs.org/prosemirror-model/-/prosemirror-model-1.14.2.tgz",
      "integrity": "sha512-TwkACyEiSi8FJiRhg2ffbzmQRy5DR+aTwAr7trNQNZL24HJR8ouxy4qCkG99PnWK0xZ0AjSMtPXSU6hnxAiP7Q==",
      "requires": {
        "orderedmap": "^1.1.0"
      }
    },
    "prosemirror-schema-list": {
      "version": "1.1.5",
      "resolved": "https://registry.npmjs.org/prosemirror-schema-list/-/prosemirror-schema-list-1.1.5.tgz",
      "integrity": "sha512-9gadhga/wySVfb/iZ2vOpndbG0XroeLw0HkkZN5demNbOea6U5oQtJmvyYWC7ZVf3WkhmVdVsOXrllM9JcC20A==",
      "requires": {
        "prosemirror-model": "^1.0.0",
        "prosemirror-transform": "^1.0.0"
      }
    },
    "prosemirror-state": {
      "version": "1.3.4",
      "resolved": "https://registry.npmjs.org/prosemirror-state/-/prosemirror-state-1.3.4.tgz",
      "integrity": "sha512-Xkkrpd1y/TQ6HKzN3agsQIGRcLckUMA9u3j207L04mt8ToRgpGeyhbVv0HI7omDORIBHjR29b7AwlATFFf2GLA==",
      "requires": {
        "prosemirror-model": "^1.0.0",
        "prosemirror-transform": "^1.0.0"
      }
    },
    "prosemirror-transform": {
      "version": "1.3.2",
      "resolved": "https://registry.npmjs.org/prosemirror-transform/-/prosemirror-transform-1.3.2.tgz",
      "integrity": "sha512-/G6d/u9Mf6Bv3H1XR8VxhpjmUO75LYmnvj+s3ZfZpakU1hnQbsvCEybml1B3f2IWUAAQRFkbO1PnsbFhLZsYsw==",
      "requires": {
        "prosemirror-model": "^1.0.0"
      }
    },
    "prosemirror-view": {
      "version": "1.18.10",
      "resolved": "https://registry.npmjs.org/prosemirror-view/-/prosemirror-view-1.18.10.tgz",
      "integrity": "sha512-DR3lexbN3D36umBNo7DaYheEQB0MdC8Hk2Lhz2YXIC7nEPjC2VG03Zy/YcYusxTtAY08+YB6OKH3yDWJDRObtg==",
      "requires": {
        "prosemirror-model": "^1.1.0",
        "prosemirror-state": "^1.0.0",
        "prosemirror-transform": "^1.1.0"
      }
    },
    "remark": {
      "version": "13.0.0",
      "resolved": "https://registry.npmjs.org/remark/-/remark-13.0.0.tgz",
      "integrity": "sha512-HDz1+IKGtOyWN+QgBiAT0kn+2s6ovOxHyPAFGKVE81VSzJ+mq7RwHFledEvB5F1p4iJvOah/LOKdFuzvRnNLCA==",
      "requires": {
        "remark-parse": "^9.0.0",
        "remark-stringify": "^9.0.0",
        "unified": "^9.1.0"
      }
    },
    "remark-parse": {
      "version": "9.0.0",
      "resolved": "https://registry.npmjs.org/remark-parse/-/remark-parse-9.0.0.tgz",
      "integrity": "sha512-geKatMwSzEXKHuzBNU1z676sGcDcFoChMK38TgdHJNAYfFtsfHDQG7MoJAjs6sgYMqyLduCYWDIWZIxiPeafEw==",
      "requires": {
        "mdast-util-from-markdown": "^0.8.0"
      }
    },
    "remark-stringify": {
      "version": "9.0.1",
      "resolved": "https://registry.npmjs.org/remark-stringify/-/remark-stringify-9.0.1.tgz",
      "integrity": "sha512-mWmNg3ZtESvZS8fv5PTvaPckdL4iNlCHTt8/e/8oN08nArHRHjNZMKzA/YW3+p7/lYqIw4nx1XsjCBo/AxNChg==",
      "requires": {
        "mdast-util-to-markdown": "^0.6.0"
      }
    },
    "repeat-string": {
      "version": "1.6.1",
      "resolved": "https://registry.npmjs.org/repeat-string/-/repeat-string-1.6.1.tgz",
      "integrity": "sha1-jcrkcOHIirwtYA//Sndihtp15jc="
    },
    "trough": {
      "version": "1.0.5",
      "resolved": "https://registry.npmjs.org/trough/-/trough-1.0.5.tgz",
      "integrity": "sha512-rvuRbTarPXmMb79SmzEp8aqXNKcK+y0XaB298IXueQ8I2PsrATcPBCSPyK/dDNa2iWOhKlfNnOjdAOTBU/nkFA=="
    },
    "tslib": {
      "version": "2.3.0",
      "resolved": "https://registry.npmjs.org/tslib/-/tslib-2.3.0.tgz",
      "integrity": "sha512-N82ooyxVNm6h1riLCoyS9e3fuJ3AMG2zIZs2Gd1ATcSFjSA23Q0fzjjZeh0jbJvWVDZ0cJT8yaNNaaXHzueNjg=="
    },
    "unified": {
      "version": "9.2.2",
      "resolved": "https://registry.npmjs.org/unified/-/unified-9.2.2.tgz",
      "integrity": "sha512-Sg7j110mtefBD+qunSLO1lqOEKdrwBFBrR6Qd8f4uwkhWNlbkaqwHse6e7QvD3AP/MNoJdEDLaf8OxYyoWgorQ==",
      "requires": {
        "bail": "^1.0.0",
        "extend": "^3.0.0",
        "is-buffer": "^2.0.0",
        "is-plain-obj": "^2.0.0",
        "trough": "^1.0.0",
        "vfile": "^4.0.0"
      }
    },
    "unist-util-stringify-position": {
      "version": "2.0.3",
      "resolved": "https://registry.npmjs.org/unist-util-stringify-position/-/unist-util-stringify-position-2.0.3.tgz",
      "integrity": "sha512-3faScn5I+hy9VleOq/qNbAd6pAx7iH5jYBMS9I1HgQVijz/4mv5Bvw5iw1sC/90CODiKo81G/ps8AJrISn687g==",
      "requires": {
        "@types/unist": "^2.0.2"
      }
    },
    "vfile": {
      "version": "4.2.1",
      "resolved": "https://registry.npmjs.org/vfile/-/vfile-4.2.1.tgz",
      "integrity": "sha512-O6AE4OskCG5S1emQ/4gl8zK586RqA3srz3nfK/Viy0UPToBc5Trp9BVFb1u0CjsKrAWwnpr4ifM/KBXPWwJbCA==",
      "requires": {
        "@types/unist": "^2.0.0",
        "is-buffer": "^2.0.0",
        "unist-util-stringify-position": "^2.0.0",
        "vfile-message": "^2.0.0"
      }
    },
    "vfile-message": {
      "version": "2.0.4",
      "resolved": "https://registry.npmjs.org/vfile-message/-/vfile-message-2.0.4.tgz",
      "integrity": "sha512-DjssxRGkMvifUOJre00juHoP9DPWuzjxKuMDrhNbk2TdaYYBNMStsNhEOt3idrtI12VQYM/1+iM0KOzXi4pxwQ==",
      "requires": {
        "@types/unist": "^2.0.0",
        "unist-util-stringify-position": "^2.0.0"
      }
    },
    "w3c-keyname": {
      "version": "2.2.4",
      "resolved": "https://registry.npmjs.org/w3c-keyname/-/w3c-keyname-2.2.4.tgz",
      "integrity": "sha512-tOhfEwEzFLJzf6d1ZPkYfGj+FWhIpBux9ppoP3rlclw3Z0BZv3N7b7030Z1kYth+6rDuAsXUFr+d0VE6Ed1ikw=="
    },
    "zwitch": {
      "version": "1.0.5",
      "resolved": "https://registry.npmjs.org/zwitch/-/zwitch-1.0.5.tgz",
      "integrity": "sha512-V50KMwwzqJV0NpZIZFwfOD5/lyny3WlSzRiXgA0G7VUnRlqttta1L6UQIHzd6EuBY/cHGfwTIck7w1yH6Q5zUw=="
    }
  }
}
