{
  "name": "mnote-extensions",
  "version": "0.1.0",
  "lockfileVersion": 1,
  "requires": true,
  "dependencies": {
    "@types/debug": {
      "version": "4.1.6",
      "resolved": "https://registry.npmjs.org/@types/debug/-/debug-4.1.6.tgz",
      "integrity": "sha512-7fDOJFA/x8B+sO1901BmHlf5dE1cxBU8mRXj8QOEDnn16hhGJv/IHxJtZhvsabZsIMn0eLIyeOKAeqSNJJYTpA=="
    },
    "character-entities": {
      "version": "2.0.0",
      "resolved": "https://registry.npmjs.org/character-entities/-/character-entities-2.0.0.tgz",
      "integrity": "sha512-oHqMj3eAuJ77/P5PaIRcqk+C3hdfNwyCD2DAUcD5gyXkegAuF2USC40CEqPscDk4I8FRGMTojGJQkXDsN5QlJA=="
    },
    "character-entities-legacy": {
      "version": "2.0.0",
      "resolved": "https://registry.npmjs.org/character-entities-legacy/-/character-entities-legacy-2.0.0.tgz",
      "integrity": "sha512-YwaEtEvWLpFa6Wh3uVLrvirA/ahr9fki/NUd/Bd4OR6EdJ8D22hovYQEOUCBfQfcqnC4IAMGMsHXY1eXgL4ZZA=="
    },
    "character-reference-invalid": {
      "version": "2.0.0",
      "resolved": "https://registry.npmjs.org/character-reference-invalid/-/character-reference-invalid-2.0.0.tgz",
      "integrity": "sha512-pE3Z15lLRxDzWJy7bBHBopRwfI20sbrMVLQTC7xsPglCHf4Wv1e167OgYAFP78co2XlhojDyAqA+IAJse27//g=="
    },
    "debug": {
      "version": "4.3.2",
      "resolved": "https://registry.npmjs.org/debug/-/debug-4.3.2.tgz",
      "integrity": "sha512-mOp8wKcvj7XxC78zLgw/ZA+6TSgkoE2C/ienthhRD298T7UNwAg9diBpLRxC0mOezLl4B0xV7M0cCO6P/O0Xhw==",
      "requires": {
        "ms": "2.1.2"
      }
    },
    "is-alphabetical": {
      "version": "2.0.0",
      "resolved": "https://registry.npmjs.org/is-alphabetical/-/is-alphabetical-2.0.0.tgz",
      "integrity": "sha512-5OV8Toyq3oh4eq6sbWTYzlGdnMT/DPI5I0zxUBxjiigQsZycpkKF3kskkao3JyYGuYDHvhgJF+DrjMQp9SX86w=="
    },
    "is-alphanumerical": {
      "version": "2.0.0",
      "resolved": "https://registry.npmjs.org/is-alphanumerical/-/is-alphanumerical-2.0.0.tgz",
      "integrity": "sha512-t+2GlJ+hO9yagJ+jU3+HSh80VKvz/3cG2cxbGGm4S0hjKuhWQXgPVUVOZz3tqZzMjhmphZ+1TIJTlRZRoe6GCQ==",
      "requires": {
        "is-alphabetical": "^2.0.0",
        "is-decimal": "^2.0.0"
      }
    },
    "is-decimal": {
      "version": "2.0.0",
      "resolved": "https://registry.npmjs.org/is-decimal/-/is-decimal-2.0.0.tgz",
      "integrity": "sha512-QfrfjQV0LjoWQ1K1XSoEZkTAzSa14RKVMa5zg3SdAfzEmQzRM4+tbSFWb78creCeA9rNBzaZal92opi1TwPWZw=="
    },
    "is-hexadecimal": {
      "version": "2.0.0",
      "resolved": "https://registry.npmjs.org/is-hexadecimal/-/is-hexadecimal-2.0.0.tgz",
      "integrity": "sha512-vGOtYkiaxwIiR0+Ng/zNId+ZZehGfINwTzdrDqc6iubbnQWhnPuYymOzOKUDqa2cSl59yHnEh2h6MvRLQsyNug=="
    },
    "micromark": {
      "version": "3.0.0",
      "resolved": "https://registry.npmjs.org/micromark/-/micromark-3.0.0.tgz",
      "integrity": "sha512-8Cr7b64q0va2LFrSFT9T2k1LlsW2iqfEsoZFYWZP3y+K8wYy8nL0LyhB/1jiLadtDjTz3qSP9AF5hS+W594qoA==",
      "requires": {
        "@types/debug": "^4.0.0",
        "debug": "^4.0.0",
        "micromark-core-commonmark": "^1.0.0",
        "micromark-factory-space": "^1.0.0",
        "micromark-util-character": "^1.0.0",
        "micromark-util-chunked": "^1.0.0",
        "micromark-util-combine-extensions": "^1.0.0",
        "micromark-util-decode-numeric-character-reference": "^1.0.0",
        "micromark-util-encode": "^1.0.0",
        "micromark-util-normalize-identifier": "^1.0.0",
        "micromark-util-resolve-all": "^1.0.0",
        "micromark-util-sanitize-uri": "^1.0.0",
        "micromark-util-subtokenize": "^1.0.0",
        "micromark-util-symbol": "^1.0.0",
        "micromark-util-types": "^1.0.0",
        "parse-entities": "^3.0.0"
      }
    },
    "micromark-core-commonmark": {
      "version": "1.0.0",
      "resolved": "https://registry.npmjs.org/micromark-core-commonmark/-/micromark-core-commonmark-1.0.0.tgz",
      "integrity": "sha512-y9g7zymcKRBHM/aNBekstvs/Grpf+y4OEBULUTYvGZcusnp+JeOxmilJY4GMpo2/xY7iHQL9fjz5pD9pSAud9A==",
      "requires": {
        "micromark-factory-destination": "^1.0.0",
        "micromark-factory-label": "^1.0.0",
        "micromark-factory-space": "^1.0.0",
        "micromark-factory-title": "^1.0.0",
        "micromark-factory-whitespace": "^1.0.0",
        "micromark-util-character": "^1.0.0",
        "micromark-util-chunked": "^1.0.0",
        "micromark-util-classify-character": "^1.0.0",
        "micromark-util-html-tag-name": "^1.0.0",
        "micromark-util-normalize-identifier": "^1.0.0",
        "micromark-util-resolve-all": "^1.0.0",
        "micromark-util-subtokenize": "^1.0.0",
        "micromark-util-symbol": "^1.0.0",
        "micromark-util-types": "^1.0.0",
        "parse-entities": "^3.0.0"
      }
    },
    "micromark-factory-destination": {
      "version": "1.0.0",
      "resolved": "https://registry.npmjs.org/micromark-factory-destination/-/micromark-factory-destination-1.0.0.tgz",
      "integrity": "sha512-eUBA7Rs1/xtTVun9TmV3gjfPz2wEwgK5R5xcbIM5ZYAtvGF6JkyaDsj0agx8urXnO31tEO6Ug83iVH3tdedLnw==",
      "requires": {
        "micromark-util-character": "^1.0.0",
        "micromark-util-symbol": "^1.0.0",
        "micromark-util-types": "^1.0.0"
      }
    },
    "micromark-factory-label": {
      "version": "1.0.0",
      "resolved": "https://registry.npmjs.org/micromark-factory-label/-/micromark-factory-label-1.0.0.tgz",
      "integrity": "sha512-XWEucVZb+qBCe2jmlOnWr6sWSY6NHx+wtpgYFsm4G+dufOf6tTQRRo0bdO7XSlGPu5fyjpJenth6Ksnc5Mwfww==",
      "requires": {
        "micromark-util-character": "^1.0.0",
        "micromark-util-symbol": "^1.0.0",
        "micromark-util-types": "^1.0.0"
      }
    },
    "micromark-factory-space": {
      "version": "1.0.0",
      "resolved": "https://registry.npmjs.org/micromark-factory-space/-/micromark-factory-space-1.0.0.tgz",
      "integrity": "sha512-qUmqs4kj9a5yBnk3JMLyjtWYN6Mzfcx8uJfi5XAveBniDevmZasdGBba5b4QsvRcAkmvGo5ACmSUmyGiKTLZew==",
      "requires": {
        "micromark-util-character": "^1.0.0",
        "micromark-util-types": "^1.0.0"
      }
    },
    "micromark-factory-title": {
      "version": "1.0.0",
      "resolved": "https://registry.npmjs.org/micromark-factory-title/-/micromark-factory-title-1.0.0.tgz",
      "integrity": "sha512-flvC7Gx0dWVWorXuBl09Cr3wB5FTuYec8pMGVySIp2ZlqTcIjN/lFohZcP0EG//krTptm34kozHk7aK/CleCfA==",
      "requires": {
        "micromark-factory-space": "^1.0.0",
        "micromark-util-character": "^1.0.0",
        "micromark-util-symbol": "^1.0.0",
        "micromark-util-types": "^1.0.0"
      }
    },
    "micromark-factory-whitespace": {
      "version": "1.0.0",
      "resolved": "https://registry.npmjs.org/micromark-factory-whitespace/-/micromark-factory-whitespace-1.0.0.tgz",
      "integrity": "sha512-Qx7uEyahU1lt1RnsECBiuEbfr9INjQTGa6Err+gF3g0Tx4YEviPbqqGKNv/NrBaE7dVHdn1bVZKM/n5I/Bak7A==",
      "requires": {
        "micromark-factory-space": "^1.0.0",
        "micromark-util-character": "^1.0.0",
        "micromark-util-symbol": "^1.0.0",
        "micromark-util-types": "^1.0.0"
      }
    },
    "micromark-util-character": {
      "version": "1.0.0",
      "resolved": "https://registry.npmjs.org/micromark-util-character/-/micromark-util-character-1.0.0.tgz",
      "integrity": "sha512-VdfDsHtUn/ocN2hGBkMunHHWcaN33llgwU0bmw2LA0tY1JvVkjHGvdiQSIk0pS3XeGCJLT6syS5i8y+1xbwDnQ==",
      "requires": {
        "micromark-util-symbol": "^1.0.0",
        "micromark-util-types": "^1.0.0"
      }
    },
    "micromark-util-chunked": {
      "version": "1.0.0",
      "resolved": "https://registry.npmjs.org/micromark-util-chunked/-/micromark-util-chunked-1.0.0.tgz",
      "integrity": "sha512-5e8xTis5tEZKgesfbQMKRCyzvffRRUX+lK/y+DvsMFdabAicPkkZV6gO+FEWi9RfuKKoxxPwNL+dFF0SMImc1g==",
      "requires": {
        "micromark-util-symbol": "^1.0.0"
      }
    },
    "micromark-util-classify-character": {
      "version": "1.0.0",
      "resolved": "https://registry.npmjs.org/micromark-util-classify-character/-/micromark-util-classify-character-1.0.0.tgz",
      "integrity": "sha512-F8oW2KKrQRb3vS5ud5HIqBVkCqQi224Nm55o5wYLzY/9PwHGXC01tr3d7+TqHHz6zrKQ72Okwtvm/xQm6OVNZA==",
      "requires": {
        "micromark-util-character": "^1.0.0",
        "micromark-util-symbol": "^1.0.0",
        "micromark-util-types": "^1.0.0"
      }
    },
    "micromark-util-combine-extensions": {
      "version": "1.0.0",
      "resolved": "https://registry.npmjs.org/micromark-util-combine-extensions/-/micromark-util-combine-extensions-1.0.0.tgz",
      "integrity": "sha512-J8H058vFBdo/6+AsjHp2NF7AJ02SZtWaVUjsayNFeAiydTxUwViQPxN0Hf8dp4FmCQi0UUFovFsEyRSUmFH3MA==",
      "requires": {
        "micromark-util-chunked": "^1.0.0",
        "micromark-util-types": "^1.0.0"
      }
    },
    "micromark-util-decode-numeric-character-reference": {
      "version": "1.0.0",
      "resolved": "https://registry.npmjs.org/micromark-util-decode-numeric-character-reference/-/micromark-util-decode-numeric-character-reference-1.0.0.tgz",
      "integrity": "sha512-OzO9AI5VUtrTD7KSdagf4MWgHMtET17Ua1fIpXTpuhclCqD8egFWo85GxSGvxgkGS74bEahvtM0WP0HjvV0e4w==",
      "requires": {
        "micromark-util-symbol": "^1.0.0"
      }
    },
    "micromark-util-encode": {
      "version": "1.0.0",
      "resolved": "https://registry.npmjs.org/micromark-util-encode/-/micromark-util-encode-1.0.0.tgz",
      "integrity": "sha512-cJpFVM768h6zkd8qJ1LNRrITfY4gwFt+tziPcIf71Ui8yFzY9wG3snZQqiWVq93PG4Sw6YOtcNiKJfVIs9qfGg=="
    },
    "micromark-util-html-tag-name": {
      "version": "1.0.0",
      "resolved": "https://registry.npmjs.org/micromark-util-html-tag-name/-/micromark-util-html-tag-name-1.0.0.tgz",
      "integrity": "sha512-NenEKIshW2ZI/ERv9HtFNsrn3llSPZtY337LID/24WeLqMzeZhBEE6BQ0vS2ZBjshm5n40chKtJ3qjAbVV8S0g=="
    },
    "micromark-util-normalize-identifier": {
      "version": "1.0.0",
      "resolved": "https://registry.npmjs.org/micromark-util-normalize-identifier/-/micromark-util-normalize-identifier-1.0.0.tgz",
      "integrity": "sha512-yg+zrL14bBTFrQ7n35CmByWUTFsgst5JhA4gJYoty4Dqzj4Z4Fr/DHekSS5aLfH9bdlfnSvKAWsAgJhIbogyBg==",
      "requires": {
        "micromark-util-symbol": "^1.0.0"
      }
    },
    "micromark-util-resolve-all": {
      "version": "1.0.0",
      "resolved": "https://registry.npmjs.org/micromark-util-resolve-all/-/micromark-util-resolve-all-1.0.0.tgz",
      "integrity": "sha512-CB/AGk98u50k42kvgaMM94wzBqozSzDDaonKU7P7jwQIuH2RU0TeBqGYJz2WY1UdihhjweivStrJ2JdkdEmcfw==",
      "requires": {
        "micromark-util-types": "^1.0.0"
      }
    },
    "micromark-util-sanitize-uri": {
      "version": "1.0.0",
      "resolved": "https://registry.npmjs.org/micromark-util-sanitize-uri/-/micromark-util-sanitize-uri-1.0.0.tgz",
      "integrity": "sha512-cCxvBKlmac4rxCGx6ejlIviRaMKZc0fWm5HdCHEeDWRSkn44l6NdYVRyU+0nT1XC72EQJMZV8IPHF+jTr56lAg==",
      "requires": {
        "micromark-util-character": "^1.0.0",
        "micromark-util-encode": "^1.0.0",
        "micromark-util-symbol": "^1.0.0"
      }
    },
    "micromark-util-subtokenize": {
      "version": "1.0.0",
      "resolved": "https://registry.npmjs.org/micromark-util-subtokenize/-/micromark-util-subtokenize-1.0.0.tgz",
      "integrity": "sha512-EsnG2qscmcN5XhkqQBZni/4oQbLFjz9yk3ZM/P8a3YUjwV6+6On2wehr1ALx0MxK3+XXXLTzuBKHDFeDFYRdgQ==",
      "requires": {
        "micromark-util-chunked": "^1.0.0",
        "micromark-util-symbol": "^1.0.0",
        "micromark-util-types": "^1.0.0"
      }
    },
    "micromark-util-symbol": {
      "version": "1.0.0",
      "resolved": "https://registry.npmjs.org/micromark-util-symbol/-/micromark-util-symbol-1.0.0.tgz",
      "integrity": "sha512-NZA01jHRNCt4KlOROn8/bGi6vvpEmlXld7EHcRH+aYWUfL3Wc8JLUNNlqUMKa0hhz6GrpUWsHtzPmKof57v0gQ=="
    },
    "micromark-util-types": {
      "version": "1.0.0",
      "resolved": "https://registry.npmjs.org/micromark-util-types/-/micromark-util-types-1.0.0.tgz",
      "integrity": "sha512-psf1WAaP1B77WpW4mBGDkTr+3RsPuDAgsvlP47GJzbH1jmjH8xjOx7Z6kp84L8oqHmy5pYO3Ev46odosZV+3AA=="
    },
    "mnote-core": {
      "version": "file:../mnote-core",
      "requires": {
        "mnote-util": "file:../mnote-util",
        "mousetrap": "^1.6.5",
        "open-color": "^1.8.0",
        "preact": "^10.5.14"
      },
      "dependencies": {
        "mnote-util": {
          "version": "file:../mnote-util"
        },
        "mousetrap": {
          "version": "1.6.5",
          "resolved": "https://registry.npmjs.org/mousetrap/-/mousetrap-1.6.5.tgz",
          "integrity": "sha512-QNo4kEepaIBwiT8CDhP98umTetp+JNfQYBWvC1pc6/OAibuXtRcxZ58Qz8skvEHYvURne/7R8T5VoOI7rDsEUA=="
        },
        "open-color": {
          "version": "1.8.0",
          "resolved": "https://registry.npmjs.org/open-color/-/open-color-1.8.0.tgz",
          "integrity": "sha512-gSHRpWLx83rKlHZIm9ZoUBsSMijhPRMxOOacUETjY8guu9dAwIAbtZgmVqkfglmhs3/pYppGohzp8fUdJ4YBqQ=="
        },
        "preact": {
          "version": "10.5.14",
          "resolved": "https://registry.npmjs.org/preact/-/preact-10.5.14.tgz",
          "integrity": "sha512-KojoltCrshZ099ksUZ2OQKfbH66uquFoxHSbnwKbTJHeQNvx42EmC7wQVWNuDt6vC5s3nudRHFtKbpY4ijKlaQ=="
        }
      }
    },
    "mnote-util": {
      "version": "file:../mnote-util"
    },
    "ms": {
      "version": "2.1.2",
      "resolved": "https://registry.npmjs.org/ms/-/ms-2.1.2.tgz",
      "integrity": "sha512-sGkPx+VjMtmA6MX27oA4FBFELFCZZ4S4XqeGOXCv68tT+jb3vk/RyaKWP0PTKyWtmLSM0b+adUTEvbs1PEaH2w=="
    },
    "parse-entities": {
      "version": "3.0.0",
      "resolved": "https://registry.npmjs.org/parse-entities/-/parse-entities-3.0.0.tgz",
      "integrity": "sha512-AJlcIFDNPEP33KyJLguv0xJc83BNvjxwpuUIcetyXUsLpVXAUCePJ5kIoYtEN2R1ac0cYaRu/vk9dVFkewHQhQ==",
      "requires": {
        "character-entities": "^2.0.0",
        "character-entities-legacy": "^2.0.0",
        "character-reference-invalid": "^2.0.0",
        "is-alphanumerical": "^2.0.0",
        "is-decimal": "^2.0.0",
        "is-hexadecimal": "^2.0.0"
      }
    }
  }
}
