{
  "name": "mnote-styles",
  "version": "0.1.0",
  "lockfileVersion": 2,
  "requires": true,
  "packages": {
    "": {
      "version": "0.1.0",
      "dependencies": {
        "mnote-components": "file:../mnote-components"
      }
    },
    "../mnote-components": {
      "version": "0.1.0",
      "dependencies": {
        "mnote-util": "file:../mnote-util"
      }
    },
    "node_modules/mnote-components": {
      "resolved": "../mnote-components",
      "link": true
    }
  },
  "dependencies": {
    "mnote-components": {
      "version": "file:../mnote-components",
      "requires": {
        "mnote-util": "file:../mnote-util"
      }
    }
  }
}
